// !$*UTF8*$!
{
	archiveVersion = 1;
	classes = {
	};
	objectVersion = 46;
	objects = {

/* Begin PBXBuildFile section */
		4B5782E11A539DB80085BEAE /* NavigationBarBackground.png in Resources */ = {isa = PBXBuildFile; fileRef = 4B5782E01A539DB80085BEAE /* NavigationBarBackground.png */; };
		4B5782E41A53A0C20085BEAE /* MKTopView.m in Sources */ = {isa = PBXBuildFile; fileRef = 4B5782E31A53A0C20085BEAE /* MKTopView.m */; };
		4BC06A211A5252D700D62B3C /* share@2x.png in Resources */ = {isa = PBXBuildFile; fileRef = 4BC06A1C1A5252D700D62B3C /* share@2x.png */; };
		4BC06A221A5252D700D62B3C /* bottle@2x.png in Resources */ = {isa = PBXBuildFile; fileRef = 4BC06A1D1A5252D700D62B3C /* bottle@2x.png */; };
		4BC06A231A5252D700D62B3C /* more@2x.png in Resources */ = {isa = PBXBuildFile; fileRef = 4BC06A1E1A5252D700D62B3C /* more@2x.png */; };
		4BC06A241A5252D700D62B3C /* add@2x.png in Resources */ = {isa = PBXBuildFile; fileRef = 4BC06A1F1A5252D700D62B3C /* add@2x.png */; };
		4BC06A251A5252D700D62B3C /* setting@2x.png in Resources */ = {isa = PBXBuildFile; fileRef = 4BC06A201A5252D700D62B3C /* setting@2x.png */; };
		4BC06A281A52756600D62B3C /* MKSettingViewController.m in Sources */ = {isa = PBXBuildFile; fileRef = 4BC06A271A52756600D62B3C /* MKSettingViewController.m */; };
		4BC06A2C1A527FF600D62B3C /* MKAddViewController.m in Sources */ = {isa = PBXBuildFile; fileRef = 4BC06A2B1A527FF600D62B3C /* MKAddViewController.m */; };
		4BCF0CAE1A50F95900A2FF5D /* main.m in Sources */ = {isa = PBXBuildFile; fileRef = 4BCF0CAD1A50F95900A2FF5D /* main.m */; };
		4BCF0CB11A50F95900A2FF5D /* AppDelegate.m in Sources */ = {isa = PBXBuildFile; fileRef = 4BCF0CB01A50F95900A2FF5D /* AppDelegate.m */; };
		4BCF0CB91A50F95900A2FF5D /* Images.xcassets in Resources */ = {isa = PBXBuildFile; fileRef = 4BCF0CB81A50F95900A2FF5D /* Images.xcassets */; };
		4BCF0CC81A50F95A00A2FF5D /* MikeTests.m in Sources */ = {isa = PBXBuildFile; fileRef = 4BCF0CC71A50F95A00A2FF5D /* MikeTests.m */; };
		4BD18F9B1A51046200CC0F4D /* MKRootViewController.m in Sources */ = {isa = PBXBuildFile; fileRef = 4BD18F9A1A51046200CC0F4D /* MKRootViewController.m */; };
		4BE59E111A53C738004CF8D9 /* MKChartView.m in Sources */ = {isa = PBXBuildFile; fileRef = 4BE59E101A53C738004CF8D9 /* MKChartView.m */; };
		4BE59E141A53CD35004CF8D9 /* MKChartTableViewCell.m in Sources */ = {isa = PBXBuildFile; fileRef = 4BE59E131A53CD35004CF8D9 /* MKChartTableViewCell.m */; };
		4BE59E171A53D3F2004CF8D9 /* 奶量条前景.png in Resources */ = {isa = PBXBuildFile; fileRef = 4BE59E151A53D3F2004CF8D9 /* 奶量条前景.png */; };
		4BE59E181A53D3F2004CF8D9 /* chart@2x.png in Resources */ = {isa = PBXBuildFile; fileRef = 4BE59E161A53D3F2004CF8D9 /* chart@2x.png */; };
		4BE59E1B1A53E3D6004CF8D9 /* MKRecordsView.m in Sources */ = {isa = PBXBuildFile; fileRef = 4BE59E1A1A53E3D6004CF8D9 /* MKRecordsView.m */; };
		4BE59E1E1A53F342004CF8D9 /* MKRecordTableViewCell.m in Sources */ = {isa = PBXBuildFile; fileRef = 4BE59E1D1A53F342004CF8D9 /* MKRecordTableViewCell.m */; };
/* End PBXBuildFile section */

/* Begin PBXContainerItemProxy section */
		4BCF0CC21A50F95A00A2FF5D /* PBXContainerItemProxy */ = {
			isa = PBXContainerItemProxy;
			containerPortal = 4BCF0CA01A50F95900A2FF5D /* Project object */;
			proxyType = 1;
			remoteGlobalIDString = 4BCF0CA71A50F95900A2FF5D;
			remoteInfo = Mike;
		};
/* End PBXContainerItemProxy section */

/* Begin PBXFileReference section */
		4B5782E01A539DB80085BEAE /* NavigationBarBackground.png */ = {isa = PBXFileReference; lastKnownFileType = image.png; path = NavigationBarBackground.png; sourceTree = "<group>"; };
		4B5782E21A53A0C20085BEAE /* MKTopView.h */ = {isa = PBXFileReference; fileEncoding = 4; lastKnownFileType = sourcecode.c.h; path = MKTopView.h; sourceTree = "<group>"; };
		4B5782E31A53A0C20085BEAE /* MKTopView.m */ = {isa = PBXFileReference; fileEncoding = 4; lastKnownFileType = sourcecode.c.objc; path = MKTopView.m; sourceTree = "<group>"; };
		4BC06A1C1A5252D700D62B3C /* share@2x.png */ = {isa = PBXFileReference; lastKnownFileType = image.png; path = "share@2x.png"; sourceTree = "<group>"; };
		4BC06A1D1A5252D700D62B3C /* bottle@2x.png */ = {isa = PBXFileReference; lastKnownFileType = image.png; path = "bottle@2x.png"; sourceTree = "<group>"; };
		4BC06A1E1A5252D700D62B3C /* more@2x.png */ = {isa = PBXFileReference; lastKnownFileType = image.png; path = "more@2x.png"; sourceTree = "<group>"; };
		4BC06A1F1A5252D700D62B3C /* add@2x.png */ = {isa = PBXFileReference; lastKnownFileType = image.png; path = "add@2x.png"; sourceTree = "<group>"; };
		4BC06A201A5252D700D62B3C /* setting@2x.png */ = {isa = PBXFileReference; lastKnownFileType = image.png; path = "setting@2x.png"; sourceTree = "<group>"; };
		4BC06A261A52756600D62B3C /* MKSettingViewController.h */ = {isa = PBXFileReference; fileEncoding = 4; lastKnownFileType = sourcecode.c.h; path = MKSettingViewController.h; sourceTree = "<group>"; };
		4BC06A271A52756600D62B3C /* MKSettingViewController.m */ = {isa = PBXFileReference; fileEncoding = 4; lastKnownFileType = sourcecode.c.objc; path = MKSettingViewController.m; sourceTree = "<group>"; };
		4BC06A291A527E2D00D62B3C /* MKCommon.h */ = {isa = PBXFileReference; fileEncoding = 4; lastKnownFileType = sourcecode.c.h; path = MKCommon.h; sourceTree = "<group>"; };
		4BC06A2A1A527FF600D62B3C /* MKAddViewController.h */ = {isa = PBXFileReference; fileEncoding = 4; lastKnownFileType = sourcecode.c.h; path = MKAddViewController.h; sourceTree = "<group>"; };
		4BC06A2B1A527FF600D62B3C /* MKAddViewController.m */ = {isa = PBXFileReference; fileEncoding = 4; lastKnownFileType = sourcecode.c.objc; path = MKAddViewController.m; sourceTree = "<group>"; };
		4BCF0CA81A50F95900A2FF5D /* Mike.app */ = {isa = PBXFileReference; explicitFileType = wrapper.application; includeInIndex = 0; path = Mike.app; sourceTree = BUILT_PRODUCTS_DIR; };
		4BCF0CAC1A50F95900A2FF5D /* Info.plist */ = {isa = PBXFileReference; lastKnownFileType = text.plist.xml; path = Info.plist; sourceTree = "<group>"; };
		4BCF0CAD1A50F95900A2FF5D /* main.m */ = {isa = PBXFileReference; lastKnownFileType = sourcecode.c.objc; path = main.m; sourceTree = "<group>"; };
		4BCF0CAF1A50F95900A2FF5D /* AppDelegate.h */ = {isa = PBXFileReference; lastKnownFileType = sourcecode.c.h; path = AppDelegate.h; sourceTree = "<group>"; };
		4BCF0CB01A50F95900A2FF5D /* AppDelegate.m */ = {isa = PBXFileReference; lastKnownFileType = sourcecode.c.objc; path = AppDelegate.m; sourceTree = "<group>"; };
		4BCF0CB81A50F95900A2FF5D /* Images.xcassets */ = {isa = PBXFileReference; lastKnownFileType = folder.assetcatalog; path = Images.xcassets; sourceTree = "<group>"; };
		4BCF0CC11A50F95A00A2FF5D /* MikeTests.xctest */ = {isa = PBXFileReference; explicitFileType = wrapper.cfbundle; includeInIndex = 0; path = MikeTests.xctest; sourceTree = BUILT_PRODUCTS_DIR; };
		4BCF0CC61A50F95A00A2FF5D /* Info.plist */ = {isa = PBXFileReference; lastKnownFileType = text.plist.xml; path = Info.plist; sourceTree = "<group>"; };
		4BCF0CC71A50F95A00A2FF5D /* MikeTests.m */ = {isa = PBXFileReference; lastKnownFileType = sourcecode.c.objc; path = MikeTests.m; sourceTree = "<group>"; };
		4BD18F991A51046200CC0F4D /* MKRootViewController.h */ = {isa = PBXFileReference; fileEncoding = 4; lastKnownFileType = sourcecode.c.h; path = MKRootViewController.h; sourceTree = "<group>"; };
		4BD18F9A1A51046200CC0F4D /* MKRootViewController.m */ = {isa = PBXFileReference; fileEncoding = 4; lastKnownFileType = sourcecode.c.objc; path = MKRootViewController.m; sourceTree = "<group>"; };
		4BE59E0F1A53C738004CF8D9 /* MKChartView.h */ = {isa = PBXFileReference; fileEncoding = 4; lastKnownFileType = sourcecode.c.h; path = MKChartView.h; sourceTree = "<group>"; };
		4BE59E101A53C738004CF8D9 /* MKChartView.m */ = {isa = PBXFileReference; fileEncoding = 4; lastKnownFileType = sourcecode.c.objc; path = MKChartView.m; sourceTree = "<group>"; };
		4BE59E121A53CD35004CF8D9 /* MKChartTableViewCell.h */ = {isa = PBXFileReference; fileEncoding = 4; lastKnownFileType = sourcecode.c.h; path = MKChartTableViewCell.h; sourceTree = "<group>"; };
		4BE59E131A53CD35004CF8D9 /* MKChartTableViewCell.m */ = {isa = PBXFileReference; fileEncoding = 4; lastKnownFileType = sourcecode.c.objc; path = MKChartTableViewCell.m; sourceTree = "<group>"; };
		4BE59E151A53D3F2004CF8D9 /* 奶量条前景.png */ = {isa = PBXFileReference; lastKnownFileType = image.png; path = "奶量条前景.png"; sourceTree = "<group>"; };
		4BE59E161A53D3F2004CF8D9 /* chart@2x.png */ = {isa = PBXFileReference; lastKnownFileType = image.png; path = "chart@2x.png"; sourceTree = "<group>"; };
		4BE59E191A53E3D6004CF8D9 /* MKRecordsView.h */ = {isa = PBXFileReference; fileEncoding = 4; lastKnownFileType = sourcecode.c.h; path = MKRecordsView.h; sourceTree = "<group>"; };
		4BE59E1A1A53E3D6004CF8D9 /* MKRecordsView.m */ = {isa = PBXFileReference; fileEncoding = 4; lastKnownFileType = sourcecode.c.objc; path = MKRecordsView.m; sourceTree = "<group>"; };
		4BE59E1C1A53F342004CF8D9 /* MKRecordTableViewCell.h */ = {isa = PBXFileReference; fileEncoding = 4; lastKnownFileType = sourcecode.c.h; path = MKRecordTableViewCell.h; sourceTree = "<group>"; };
		4BE59E1D1A53F342004CF8D9 /* MKRecordTableViewCell.m */ = {isa = PBXFileReference; fileEncoding = 4; lastKnownFileType = sourcecode.c.objc; path = MKRecordTableViewCell.m; sourceTree = "<group>"; };
/* End PBXFileReference section */

/* Begin PBXFrameworksBuildPhase section */
		4BCF0CA51A50F95900A2FF5D /* Frameworks */ = {
			isa = PBXFrameworksBuildPhase;
			buildActionMask = 2147483647;
			files = (
			);
			runOnlyForDeploymentPostprocessing = 0;
		};
		4BCF0CBE1A50F95A00A2FF5D /* Frameworks */ = {
			isa = PBXFrameworksBuildPhase;
			buildActionMask = 2147483647;
			files = (
			);
			runOnlyForDeploymentPostprocessing = 0;
		};
/* End PBXFrameworksBuildPhase section */

/* Begin PBXGroup section */
		4BC06A1B1A5252B300D62B3C /* images */ = {
			isa = PBXGroup;
			children = (
				4BE59E151A53D3F2004CF8D9 /* 奶量条前景.png */,
				4BE59E161A53D3F2004CF8D9 /* chart@2x.png */,
				4B5782E01A539DB80085BEAE /* NavigationBarBackground.png */,
				4BC06A1C1A5252D700D62B3C /* share@2x.png */,
				4BC06A1D1A5252D700D62B3C /* bottle@2x.png */,
				4BC06A1E1A5252D700D62B3C /* more@2x.png */,
				4BC06A1F1A5252D700D62B3C /* add@2x.png */,
				4BC06A201A5252D700D62B3C /* setting@2x.png */,
			);
			name = images;
			sourceTree = "<group>";
		};
		4BCF0C9F1A50F95900A2FF5D = {
			isa = PBXGroup;
			children = (
				4BCF0CAA1A50F95900A2FF5D /* Mike */,
				4BCF0CC41A50F95A00A2FF5D /* MikeTests */,
				4BCF0CA91A50F95900A2FF5D /* Products */,
			);
			sourceTree = "<group>";
		};
		4BCF0CA91A50F95900A2FF5D /* Products */ = {
			isa = PBXGroup;
			children = (
				4BCF0CA81A50F95900A2FF5D /* Mike.app */,
				4BCF0CC11A50F95A00A2FF5D /* MikeTests.xctest */,
			);
			name = Products;
			sourceTree = "<group>";
		};
		4BCF0CAA1A50F95900A2FF5D /* Mike */ = {
			isa = PBXGroup;
			children = (
				4BC06A291A527E2D00D62B3C /* MKCommon.h */,
				4BCF0CAF1A50F95900A2FF5D /* AppDelegate.h */,
				4BCF0CB01A50F95900A2FF5D /* AppDelegate.m */,
				4BCF0CB81A50F95900A2FF5D /* Images.xcassets */,
				4BCF0CAB1A50F95900A2FF5D /* Supporting Files */,
				4BD18F991A51046200CC0F4D /* MKRootViewController.h */,
				4BD18F9A1A51046200CC0F4D /* MKRootViewController.m */,
				4BC06A261A52756600D62B3C /* MKSettingViewController.h */,
				4BC06A271A52756600D62B3C /* MKSettingViewController.m */,
				4BC06A2A1A527FF600D62B3C /* MKAddViewController.h */,
				4BC06A2B1A527FF600D62B3C /* MKAddViewController.m */,
				4B5782E21A53A0C20085BEAE /* MKTopView.h */,
				4B5782E31A53A0C20085BEAE /* MKTopView.m */,
				4BE59E0F1A53C738004CF8D9 /* MKChartView.h */,
				4BE59E101A53C738004CF8D9 /* MKChartView.m */,
				4BE59E121A53CD35004CF8D9 /* MKChartTableViewCell.h */,
				4BE59E131A53CD35004CF8D9 /* MKChartTableViewCell.m */,
				4BE59E191A53E3D6004CF8D9 /* MKRecordsView.h */,
				4BE59E1A1A53E3D6004CF8D9 /* MKRecordsView.m */,
				4BE59E1C1A53F342004CF8D9 /* MKRecordTableViewCell.h */,
				4BE59E1D1A53F342004CF8D9 /* MKRecordTableViewCell.m */,
			);
			path = Mike;
			sourceTree = "<group>";
		};
		4BCF0CAB1A50F95900A2FF5D /* Supporting Files */ = {
			isa = PBXGroup;
			children = (
				4BC06A1B1A5252B300D62B3C /* images */,
				4BCF0CAC1A50F95900A2FF5D /* Info.plist */,
				4BCF0CAD1A50F95900A2FF5D /* main.m */,
			);
			name = "Supporting Files";
			sourceTree = "<group>";
		};
		4BCF0CC41A50F95A00A2FF5D /* MikeTests */ = {
			isa = PBXGroup;
			children = (
				4BCF0CC71A50F95A00A2FF5D /* MikeTests.m */,
				4BCF0CC51A50F95A00A2FF5D /* Supporting Files */,
			);
			path = MikeTests;
			sourceTree = "<group>";
		};
		4BCF0CC51A50F95A00A2FF5D /* Supporting Files */ = {
			isa = PBXGroup;
			children = (
				4BCF0CC61A50F95A00A2FF5D /* Info.plist */,
			);
			name = "Supporting Files";
			sourceTree = "<group>";
		};
/* End PBXGroup section */

/* Begin PBXNativeTarget section */
		4BCF0CA71A50F95900A2FF5D /* Mike */ = {
			isa = PBXNativeTarget;
			buildConfigurationList = 4BCF0CCB1A50F95A00A2FF5D /* Build configuration list for PBXNativeTarget "Mike" */;
			buildPhases = (
				4BCF0CA41A50F95900A2FF5D /* Sources */,
				4BCF0CA51A50F95900A2FF5D /* Frameworks */,
				4BCF0CA61A50F95900A2FF5D /* Resources */,
			);
			buildRules = (
			);
			dependencies = (
			);
			name = Mike;
			productName = Mike;
			productReference = 4BCF0CA81A50F95900A2FF5D /* Mike.app */;
			productType = "com.apple.product-type.application";
		};
		4BCF0CC01A50F95A00A2FF5D /* MikeTests */ = {
			isa = PBXNativeTarget;
			buildConfigurationList = 4BCF0CCE1A50F95A00A2FF5D /* Build configuration list for PBXNativeTarget "MikeTests" */;
			buildPhases = (
				4BCF0CBD1A50F95A00A2FF5D /* Sources */,
				4BCF0CBE1A50F95A00A2FF5D /* Frameworks */,
				4BCF0CBF1A50F95A00A2FF5D /* Resources */,
			);
			buildRules = (
			);
			dependencies = (
				4BCF0CC31A50F95A00A2FF5D /* PBXTargetDependency */,
			);
			name = MikeTests;
			productName = MikeTests;
			productReference = 4BCF0CC11A50F95A00A2FF5D /* MikeTests.xctest */;
			productType = "com.apple.product-type.bundle.unit-test";
		};
/* End PBXNativeTarget section */

/* Begin PBXProject section */
		4BCF0CA01A50F95900A2FF5D /* Project object */ = {
			isa = PBXProject;
			attributes = {
				LastUpgradeCheck = 0610;
				ORGANIZATIONNAME = "zhang kai";
				TargetAttributes = {
					4BCF0CA71A50F95900A2FF5D = {
						CreatedOnToolsVersion = 6.1.1;
					};
					4BCF0CC01A50F95A00A2FF5D = {
						CreatedOnToolsVersion = 6.1.1;
						TestTargetID = 4BCF0CA71A50F95900A2FF5D;
					};
				};
			};
			buildConfigurationList = 4BCF0CA31A50F95900A2FF5D /* Build configuration list for PBXProject "Mike" */;
			compatibilityVersion = "Xcode 3.2";
			developmentRegion = English;
			hasScannedForEncodings = 0;
			knownRegions = (
				en,
				Base,
			);
			mainGroup = 4BCF0C9F1A50F95900A2FF5D;
			productRefGroup = 4BCF0CA91A50F95900A2FF5D /* Products */;
			projectDirPath = "";
			projectRoot = "";
			targets = (
				4BCF0CA71A50F95900A2FF5D /* Mike */,
				4BCF0CC01A50F95A00A2FF5D /* MikeTests */,
			);
		};
/* End PBXProject section */

/* Begin PBXResourcesBuildPhase section */
		4BCF0CA61A50F95900A2FF5D /* Resources */ = {
			isa = PBXResourcesBuildPhase;
			buildActionMask = 2147483647;
			files = (
				4B5782E11A539DB80085BEAE /* NavigationBarBackground.png in Resources */,
				4BC06A241A5252D700D62B3C /* add@2x.png in Resources */,
				4BC06A211A5252D700D62B3C /* share@2x.png in Resources */,
				4BCF0CB91A50F95900A2FF5D /* Images.xcassets in Resources */,
				4BE59E181A53D3F2004CF8D9 /* chart@2x.png in Resources */,
				4BC06A251A5252D700D62B3C /* setting@2x.png in Resources */,
				4BC06A221A5252D700D62B3C /* bottle@2x.png in Resources */,
				4BE59E171A53D3F2004CF8D9 /* 奶量条前景.png in Resources */,
				4BC06A231A5252D700D62B3C /* more@2x.png in Resources */,
			);
			runOnlyForDeploymentPostprocessing = 0;
		};
		4BCF0CBF1A50F95A00A2FF5D /* Resources */ = {
			isa = PBXResourcesBuildPhase;
			buildActionMask = 2147483647;
			files = (
			);
			runOnlyForDeploymentPostprocessing = 0;
		};
/* End PBXResourcesBuildPhase section */

/* Begin PBXSourcesBuildPhase section */
		4BCF0CA41A50F95900A2FF5D /* Sources */ = {
			isa = PBXSourcesBuildPhase;
			buildActionMask = 2147483647;
			files = (
				4BD18F9B1A51046200CC0F4D /* MKRootViewController.m in Sources */,
				4BE59E1B1A53E3D6004CF8D9 /* MKRecordsView.m in Sources */,
				4BC06A2C1A527FF600D62B3C /* MKAddViewController.m in Sources */,
				4BC06A281A52756600D62B3C /* MKSettingViewController.m in Sources */,
				4BCF0CB11A50F95900A2FF5D /* AppDelegate.m in Sources */,
				4B5782E41A53A0C20085BEAE /* MKTopView.m in Sources */,
				4BE59E1E1A53F342004CF8D9 /* MKRecordTableViewCell.m in Sources */,
				4BCF0CAE1A50F95900A2FF5D /* main.m in Sources */,
				4BE59E141A53CD35004CF8D9 /* MKChartTableViewCell.m in Sources */,
				4BE59E111A53C738004CF8D9 /* MKChartView.m in Sources */,
			);
			runOnlyForDeploymentPostprocessing = 0;
		};
		4BCF0CBD1A50F95A00A2FF5D /* Sources */ = {
			isa = PBXSourcesBuildPhase;
			buildActionMask = 2147483647;
			files = (
				4BCF0CC81A50F95A00A2FF5D /* MikeTests.m in Sources */,
			);
			runOnlyForDeploymentPostprocessing = 0;
		};
/* End PBXSourcesBuildPhase section */

/* Begin PBXTargetDependency section */
		4BCF0CC31A50F95A00A2FF5D /* PBXTargetDependency */ = {
			isa = PBXTargetDependency;
			target = 4BCF0CA71A50F95900A2FF5D /* Mike */;
			targetProxy = 4BCF0CC21A50F95A00A2FF5D /* PBXContainerItemProxy */;
		};
/* End PBXTargetDependency section */

/* Begin XCBuildConfiguration section */
		4BCF0CC91A50F95A00A2FF5D /* Debug */ = {
			isa = XCBuildConfiguration;
			buildSettings = {
				ALWAYS_SEARCH_USER_PATHS = NO;
				CLANG_CXX_LANGUAGE_STANDARD = "gnu++0x";
				CLANG_CXX_LIBRARY = "libc++";
				CLANG_ENABLE_MODULES = YES;
				CLANG_ENABLE_OBJC_ARC = YES;
				CLANG_WARN_BOOL_CONVERSION = YES;
				CLANG_WARN_CONSTANT_CONVERSION = YES;
				CLANG_WARN_DIRECT_OBJC_ISA_USAGE = YES_ERROR;
				CLANG_WARN_EMPTY_BODY = YES;
				CLANG_WARN_ENUM_CONVERSION = YES;
				CLANG_WARN_INT_CONVERSION = YES;
				CLANG_WARN_OBJC_ROOT_CLASS = YES_ERROR;
				CLANG_WARN_UNREACHABLE_CODE = YES;
				CLANG_WARN__DUPLICATE_METHOD_MATCH = YES;
				"CODE_SIGN_IDENTITY[sdk=iphoneos*]" = "iPhone Developer";
				COPY_PHASE_STRIP = NO;
				ENABLE_STRICT_OBJC_MSGSEND = YES;
				GCC_C_LANGUAGE_STANDARD = gnu99;
				GCC_DYNAMIC_NO_PIC = NO;
				GCC_OPTIMIZATION_LEVEL = 0;
				GCC_PREPROCESSOR_DEFINITIONS = (
					"DEBUG=1",
					"$(inherited)",
				);
				GCC_SYMBOLS_PRIVATE_EXTERN = NO;
				GCC_WARN_64_TO_32_BIT_CONVERSION = YES;
				GCC_WARN_ABOUT_RETURN_TYPE = YES_ERROR;
				GCC_WARN_UNDECLARED_SELECTOR = YES;
				GCC_WARN_UNINITIALIZED_AUTOS = YES_AGGRESSIVE;
				GCC_WARN_UNUSED_FUNCTION = YES;
				GCC_WARN_UNUSED_VARIABLE = YES;
				IPHONEOS_DEPLOYMENT_TARGET = 8.1;
				MTL_ENABLE_DEBUG_INFO = YES;
				ONLY_ACTIVE_ARCH = YES;
				SDKROOT = iphoneos;
			};
			name = Debug;
		};
		4BCF0CCA1A50F95A00A2FF5D /* Release */ = {
			isa = XCBuildConfiguration;
			buildSettings = {
				ALWAYS_SEARCH_USER_PATHS = NO;
				CLANG_CXX_LANGUAGE_STANDARD = "gnu++0x";
				CLANG_CXX_LIBRARY = "libc++";
				CLANG_ENABLE_MODULES = YES;
				CLANG_ENABLE_OBJC_ARC = YES;
				CLANG_WARN_BOOL_CONVERSION = YES;
				CLANG_WARN_CONSTANT_CONVERSION = YES;
				CLANG_WARN_DIRECT_OBJC_ISA_USAGE = YES_ERROR;
				CLANG_WARN_EMPTY_BODY = YES;
				CLANG_WARN_ENUM_CONVERSION = YES;
				CLANG_WARN_INT_CONVERSION = YES;
				CLANG_WARN_OBJC_ROOT_CLASS = YES_ERROR;
				CLANG_WARN_UNREACHABLE_CODE = YES;
				CLANG_WARN__DUPLICATE_METHOD_MATCH = YES;
				"CODE_SIGN_IDENTITY[sdk=iphoneos*]" = "iPhone Developer";
				COPY_PHASE_STRIP = YES;
				ENABLE_NS_ASSERTIONS = NO;
				ENABLE_STRICT_OBJC_MSGSEND = YES;
				GCC_C_LANGUAGE_STANDARD = gnu99;
				GCC_WARN_64_TO_32_BIT_CONVERSION = YES;
				GCC_WARN_ABOUT_RETURN_TYPE = YES_ERROR;
				GCC_WARN_UNDECLARED_SELECTOR = YES;
				GCC_WARN_UNINITIALIZED_AUTOS = YES_AGGRESSIVE;
				GCC_WARN_UNUSED_FUNCTION = YES;
				GCC_WARN_UNUSED_VARIABLE = YES;
				IPHONEOS_DEPLOYMENT_TARGET = 8.1;
				MTL_ENABLE_DEBUG_INFO = NO;
				SDKROOT = iphoneos;
				VALIDATE_PRODUCT = YES;
			};
			name = Release;
		};
		4BCF0CCC1A50F95A00A2FF5D /* Debug */ = {
			isa = XCBuildConfiguration;
			buildSettings = {
				ASSETCATALOG_COMPILER_APPICON_NAME = AppIcon;
				ASSETCATALOG_COMPILER_LAUNCHIMAGE_NAME = LaunchImage;
				INFOPLIST_FILE = Mike/Info.plist;
				IPHONEOS_DEPLOYMENT_TARGET = 6.0;
				LD_RUNPATH_SEARCH_PATHS = "$(inherited) @executable_path/Frameworks";
				PRODUCT_NAME = "$(TARGET_NAME)";
			};
			name = Debug;
		};
		4BCF0CCD1A50F95A00A2FF5D /* Release */ = {
			isa = XCBuildConfiguration;
			buildSettings = {
				ASSETCATALOG_COMPILER_APPICON_NAME = AppIcon;
				ASSETCATALOG_COMPILER_LAUNCHIMAGE_NAME = LaunchImage;
				INFOPLIST_FILE = Mike/Info.plist;
				IPHONEOS_DEPLOYMENT_TARGET = 6.0;
				LD_RUNPATH_SEARCH_PATHS = "$(inherited) @executable_path/Frameworks";
				PRODUCT_NAME = "$(TARGET_NAME)";
			};
			name = Release;
		};
		4BCF0CCF1A50F95A00A2FF5D /* Debug */ = {
			isa = XCBuildConfiguration;
			buildSettings = {
				BUNDLE_LOADER = "$(TEST_HOST)";
				FRAMEWORK_SEARCH_PATHS = (
					"$(SDKROOT)/Developer/Library/Frameworks",
					"$(inherited)",
				);
				GCC_PREPROCESSOR_DEFINITIONS = (
					"DEBUG=1",
					"$(inherited)",
				);
				INFOPLIST_FILE = MikeTests/Info.plist;
				LD_RUNPATH_SEARCH_PATHS = "$(inherited) @executable_path/Frameworks @loader_path/Frameworks";
				PRODUCT_NAME = "$(TARGET_NAME)";
				TEST_HOST = "$(BUILT_PRODUCTS_DIR)/Mike.app/Mike";
			};
			name = Debug;
		};
		4BCF0CD01A50F95A00A2FF5D /* Release */ = {
			isa = XCBuildConfiguration;
			buildSettings = {
				BUNDLE_LOADER = "$(TEST_HOST)";
				FRAMEWORK_SEARCH_PATHS = (
					"$(SDKROOT)/Developer/Library/Frameworks",
					"$(inherited)",
				);
				INFOPLIST_FILE = MikeTests/Info.plist;
				LD_RUNPATH_SEARCH_PATHS = "$(inherited) @executable_path/Frameworks @loader_path/Frameworks";
				PRODUCT_NAME = "$(TARGET_NAME)";
				TEST_HOST = "$(BUILT_PRODUCTS_DIR)/Mike.app/Mike";
			};
			name = Release;
		};
/* End XCBuildConfiguration section */

/* Begin XCConfigurationList section */
		4BCF0CA31A50F95900A2FF5D /* Build configuration list for PBXProject "Mike" */ = {
			isa = XCConfigurationList;
			buildConfigurations = (
				4BCF0CC91A50F95A00A2FF5D /* Debug */,
				4BCF0CCA1A50F95A00A2FF5D /* Release */,
			);
			defaultConfigurationIsVisible = 0;
			defaultConfigurationName = Release;
		};
		4BCF0CCB1A50F95A00A2FF5D /* Build configuration list for PBXNativeTarget "Mike" */ = {
			isa = XCConfigurationList;
			buildConfigurations = (
				4BCF0CCC1A50F95A00A2FF5D /* Debug */,
				4BCF0CCD1A50F95A00A2FF5D /* Release */,
			);
			defaultConfigurationIsVisible = 0;
			defaultConfigurationName = Release;
		};
		4BCF0CCE1A50F95A00A2FF5D /* Build configuration list for PBXNativeTarget "MikeTests" */ = {
			isa = XCConfigurationList;
			buildConfigurations = (
				4BCF0CCF1A50F95A00A2FF5D /* Debug */,
				4BCF0CD01A50F95A00A2FF5D /* Release */,
			);
			defaultConfigurationIsVisible = 0;
			defaultConfigurationName = Release;
		};
/* End XCConfigurationList section */
	};
	rootObject = 4BCF0CA01A50F95900A2FF5D /* Project object */;
}
