// !$*UTF8*$!
{
	archiveVersion = 1;
	classes = {
	};
	objectVersion = 46;
	objects = {

/* Begin PBXBuildFile section */
		4B040BD31A5939A200DF859F /* MKDataController.m in Sources */ = {isa = PBXBuildFile; fileRef = 4B040BD21A5939A100DF859F /* MKDataController.m */; };
		4B040BD81A59468000DF859F /* MKDBManager.m in Sources */ = {isa = PBXBuildFile; fileRef = 4B040BD71A59468000DF859F /* MKDBManager.m */; };
		4B040BDA1A59474400DF859F /* libsqlite3.dylib in Frameworks */ = {isa = PBXBuildFile; fileRef = 4B040BD91A59474400DF859F /* libsqlite3.dylib */; };
		4B040BDD1A59482100DF859F /* MKRecord.m in Sources */ = {isa = PBXBuildFile; fileRef = 4B040BDC1A59482100DF859F /* MKRecord.m */; };
		4B097F421A762333008EA48A /* MKModifyViewController.m in Sources */ = {isa = PBXBuildFile; fileRef = 4B097F411A762333008EA48A /* MKModifyViewController.m */; };
		4B0E54571A773A010014B8BF /* UICountingLabel.m in Sources */ = {isa = PBXBuildFile; fileRef = 4B0E54561A773A010014B8BF /* UICountingLabel.m */; };
		4B374D8B1A5A60AE0026CFF4 /* MKDate.m in Sources */ = {isa = PBXBuildFile; fileRef = 4B374D8A1A5A60AE0026CFF4 /* MKDate.m */; };
		4B374D8E1A5A629B0026CFF4 /* MKRecordsViewController.m in Sources */ = {isa = PBXBuildFile; fileRef = 4B374D8D1A5A629B0026CFF4 /* MKRecordsViewController.m */; };
		4B3D3B1F1A5BEAD80069707C /* MKDataBase.sqlite in Resources */ = {isa = PBXBuildFile; fileRef = 4B3D3B1E1A5BEAD80069707C /* MKDataBase.sqlite */; };
		4B5782E11A539DB80085BEAE /* NavigationBarBackground.png in Resources */ = {isa = PBXBuildFile; fileRef = 4B5782E01A539DB80085BEAE /* NavigationBarBackground.png */; };
		4B5782E41A53A0C20085BEAE /* MKTopView.m in Sources */ = {isa = PBXBuildFile; fileRef = 4B5782E31A53A0C20085BEAE /* MKTopView.m */; };
		4B91A68D1A61336600AAA9A9 /* zero@2x.png in Resources */ = {isa = PBXBuildFile; fileRef = 4B91A68C1A61336600AAA9A9 /* zero@2x.png */; };
		4BA38C991A63704E009D25A0 /* MKPopView.m in Sources */ = {isa = PBXBuildFile; fileRef = 4BA38C981A63704E009D25A0 /* MKPopView.m */; };
		4BA38C9D1A637095009D25A0 /* moments.png in Resources */ = {isa = PBXBuildFile; fileRef = 4BA38C9B1A637095009D25A0 /* moments.png */; };
		4BA38C9E1A637095009D25A0 /* sinaIcon.png in Resources */ = {isa = PBXBuildFile; fileRef = 4BA38C9C1A637095009D25A0 /* sinaIcon.png */; };
		4BA38CA11A63E920009D25A0 /* MKTouchableView.m in Sources */ = {isa = PBXBuildFile; fileRef = 4BA38CA01A63E920009D25A0 /* MKTouchableView.m */; };
		4BC06A221A5252D700D62B3C /* bottle@2x.png in Resources */ = {isa = PBXBuildFile; fileRef = 4BC06A1D1A5252D700D62B3C /* bottle@2x.png */; };
		4BC06A231A5252D700D62B3C /* more@2x.png in Resources */ = {isa = PBXBuildFile; fileRef = 4BC06A1E1A5252D700D62B3C /* more@2x.png */; };
		4BC06A241A5252D700D62B3C /* add@2x.png in Resources */ = {isa = PBXBuildFile; fileRef = 4BC06A1F1A5252D700D62B3C /* add@2x.png */; };
		4BC06A251A5252D700D62B3C /* setting@2x.png in Resources */ = {isa = PBXBuildFile; fileRef = 4BC06A201A5252D700D62B3C /* setting@2x.png */; };
		4BC06A281A52756600D62B3C /* MKSettingViewController.m in Sources */ = {isa = PBXBuildFile; fileRef = 4BC06A271A52756600D62B3C /* MKSettingViewController.m */; };
		4BC06A2C1A527FF600D62B3C /* MKAddViewController.m in Sources */ = {isa = PBXBuildFile; fileRef = 4BC06A2B1A527FF600D62B3C /* MKAddViewController.m */; };
		4BCF0CAE1A50F95900A2FF5D /* main.m in Sources */ = {isa = PBXBuildFile; fileRef = 4BCF0CAD1A50F95900A2FF5D /* main.m */; };
		4BCF0CB11A50F95900A2FF5D /* AppDelegate.m in Sources */ = {isa = PBXBuildFile; fileRef = 4BCF0CB01A50F95900A2FF5D /* AppDelegate.m */; };
		4BCF0CB91A50F95900A2FF5D /* Images.xcassets in Resources */ = {isa = PBXBuildFile; fileRef = 4BCF0CB81A50F95900A2FF5D /* Images.xcassets */; };
		4BCF0CC81A50F95A00A2FF5D /* MikeTests.m in Sources */ = {isa = PBXBuildFile; fileRef = 4BCF0CC71A50F95A00A2FF5D /* MikeTests.m */; };
		4BD18F9B1A51046200CC0F4D /* MKRootViewController.m in Sources */ = {isa = PBXBuildFile; fileRef = 4BD18F9A1A51046200CC0F4D /* MKRootViewController.m */; };
		4BD2F4541A5A7FA00094AE5B /* MKMilkViewController.m in Sources */ = {isa = PBXBuildFile; fileRef = 4BD2F4531A5A7FA00094AE5B /* MKMilkViewController.m */; };
		4BE59E141A53CD35004CF8D9 /* MKChartTableViewCell.m in Sources */ = {isa = PBXBuildFile; fileRef = 4BE59E131A53CD35004CF8D9 /* MKChartTableViewCell.m */; };
		4BE59E171A53D3F2004CF8D9 /* 奶量条前景.png in Resources */ = {isa = PBXBuildFile; fileRef = 4BE59E151A53D3F2004CF8D9 /* 奶量条前景.png */; };
		4BE59E181A53D3F2004CF8D9 /* chart@2x.png in Resources */ = {isa = PBXBuildFile; fileRef = 4BE59E161A53D3F2004CF8D9 /* chart@2x.png */; };
		4BE59E1E1A53F342004CF8D9 /* MKRecordTableViewCell.m in Sources */ = {isa = PBXBuildFile; fileRef = 4BE59E1D1A53F342004CF8D9 /* MKRecordTableViewCell.m */; };
		E2109BF91A5A43220031119C /* back.png in Resources */ = {isa = PBXBuildFile; fileRef = E2109BF81A5A43220031119C /* back.png */; };
		E2815C4C1A5938A000916F43 /* 打分鼓励，给个评价！.png in Resources */ = {isa = PBXBuildFile; fileRef = E2815C441A5938A000916F43 /* 打分鼓励，给个评价！.png */; };
		E2815C4D1A5938A000916F43 /* 导出数据.png in Resources */ = {isa = PBXBuildFile; fileRef = E2815C451A5938A000916F43 /* 导出数据.png */; };
		E2815C4E1A5938A000916F43 /* 关于我们.png in Resources */ = {isa = PBXBuildFile; fileRef = E2815C461A5938A000916F43 /* 关于我们.png */; };
		E2815C4F1A5938A000916F43 /* 商务合作.png in Resources */ = {isa = PBXBuildFile; fileRef = E2815C471A5938A000916F43 /* 商务合作.png */; };
		E2815C501A5938A000916F43 /* 提醒设置.png in Resources */ = {isa = PBXBuildFile; fileRef = E2815C481A5938A000916F43 /* 提醒设置.png */; };
		E2815C511A5938A000916F43 /* 推荐给朋友.png in Resources */ = {isa = PBXBuildFile; fileRef = E2815C491A5938A000916F43 /* 推荐给朋友.png */; };
		E2815C521A5938A000916F43 /* 意见反馈.png in Resources */ = {isa = PBXBuildFile; fileRef = E2815C4A1A5938A000916F43 /* 意见反馈.png */; };
		E2815C531A5938A000916F43 /* 应用推荐.png in Resources */ = {isa = PBXBuildFile; fileRef = E2815C4B1A5938A000916F43 /* 应用推荐.png */; };
		E29FFCAA1A5E7EBC004273BE /* MKAboutUs.m in Sources */ = {isa = PBXBuildFile; fileRef = E29FFCA91A5E7EBC004273BE /* MKAboutUs.m */; };
		E29FFCAD1A5E7ECE004273BE /* MKBusinessCooperation.m in Sources */ = {isa = PBXBuildFile; fileRef = E29FFCAC1A5E7ECE004273BE /* MKBusinessCooperation.m */; };
		E2B644031A77336B00909745 /* share1@2x.png in Resources */ = {isa = PBXBuildFile; fileRef = E2B644011A77336B00909745 /* share1@2x.png */; };
		E2B644041A77336B00909745 /* share2@2x.png in Resources */ = {isa = PBXBuildFile; fileRef = E2B644021A77336B00909745 /* share2@2x.png */; };
/* End PBXBuildFile section */

/* Begin PBXContainerItemProxy section */
		4BCF0CC21A50F95A00A2FF5D /* PBXContainerItemProxy */ = {
			isa = PBXContainerItemProxy;
			containerPortal = 4BCF0CA01A50F95900A2FF5D /* Project object */;
			proxyType = 1;
			remoteGlobalIDString = 4BCF0CA71A50F95900A2FF5D;
			remoteInfo = Mike;
		};
/* End PBXContainerItemProxy section */

/* Begin PBXFileReference section */
		4B040BD11A5939A100DF859F /* MKDataController.h */ = {isa = PBXFileReference; fileEncoding = 4; lastKnownFileType = sourcecode.c.h; path = MKDataController.h; sourceTree = "<group>"; };
		4B040BD21A5939A100DF859F /* MKDataController.m */ = {isa = PBXFileReference; fileEncoding = 4; lastKnownFileType = sourcecode.c.objc; path = MKDataController.m; sourceTree = "<group>"; };
		4B040BD61A59468000DF859F /* MKDBManager.h */ = {isa = PBXFileReference; fileEncoding = 4; lastKnownFileType = sourcecode.c.h; path = MKDBManager.h; sourceTree = "<group>"; };
		4B040BD71A59468000DF859F /* MKDBManager.m */ = {isa = PBXFileReference; fileEncoding = 4; lastKnownFileType = sourcecode.c.objc; path = MKDBManager.m; sourceTree = "<group>"; };
		4B040BD91A59474400DF859F /* libsqlite3.dylib */ = {isa = PBXFileReference; lastKnownFileType = "compiled.mach-o.dylib"; name = libsqlite3.dylib; path = usr/lib/libsqlite3.dylib; sourceTree = SDKROOT; };
		4B040BDB1A59482100DF859F /* MKRecord.h */ = {isa = PBXFileReference; fileEncoding = 4; lastKnownFileType = sourcecode.c.h; path = MKRecord.h; sourceTree = "<group>"; };
		4B040BDC1A59482100DF859F /* MKRecord.m */ = {isa = PBXFileReference; fileEncoding = 4; lastKnownFileType = sourcecode.c.objc; path = MKRecord.m; sourceTree = "<group>"; };
		4B097F401A762333008EA48A /* MKModifyViewController.h */ = {isa = PBXFileReference; fileEncoding = 4; lastKnownFileType = sourcecode.c.h; path = MKModifyViewController.h; sourceTree = "<group>"; };
		4B097F411A762333008EA48A /* MKModifyViewController.m */ = {isa = PBXFileReference; fileEncoding = 4; lastKnownFileType = sourcecode.c.objc; path = MKModifyViewController.m; sourceTree = "<group>"; };
		4B0E54551A773A010014B8BF /* UICountingLabel.h */ = {isa = PBXFileReference; fileEncoding = 4; lastKnownFileType = sourcecode.c.h; path = UICountingLabel.h; sourceTree = "<group>"; };
		4B0E54561A773A010014B8BF /* UICountingLabel.m */ = {isa = PBXFileReference; fileEncoding = 4; lastKnownFileType = sourcecode.c.objc; path = UICountingLabel.m; sourceTree = "<group>"; };
		4B374D891A5A60AE0026CFF4 /* MKDate.h */ = {isa = PBXFileReference; fileEncoding = 4; lastKnownFileType = sourcecode.c.h; path = MKDate.h; sourceTree = "<group>"; };
		4B374D8A1A5A60AE0026CFF4 /* MKDate.m */ = {isa = PBXFileReference; fileEncoding = 4; lastKnownFileType = sourcecode.c.objc; path = MKDate.m; sourceTree = "<group>"; };
		4B374D8C1A5A629B0026CFF4 /* MKRecordsViewController.h */ = {isa = PBXFileReference; fileEncoding = 4; lastKnownFileType = sourcecode.c.h; path = MKRecordsViewController.h; sourceTree = "<group>"; };
		4B374D8D1A5A629B0026CFF4 /* MKRecordsViewController.m */ = {isa = PBXFileReference; fileEncoding = 4; lastKnownFileType = sourcecode.c.objc; path = MKRecordsViewController.m; sourceTree = "<group>"; };
		4B3D3B1E1A5BEAD80069707C /* MKDataBase.sqlite */ = {isa = PBXFileReference; lastKnownFileType = file; path = MKDataBase.sqlite; sourceTree = "<group>"; };
		4B5782E01A539DB80085BEAE /* NavigationBarBackground.png */ = {isa = PBXFileReference; lastKnownFileType = image.png; path = NavigationBarBackground.png; sourceTree = "<group>"; };
		4B5782E21A53A0C20085BEAE /* MKTopView.h */ = {isa = PBXFileReference; fileEncoding = 4; lastKnownFileType = sourcecode.c.h; path = MKTopView.h; sourceTree = "<group>"; };
		4B5782E31A53A0C20085BEAE /* MKTopView.m */ = {isa = PBXFileReference; fileEncoding = 4; lastKnownFileType = sourcecode.c.objc; path = MKTopView.m; sourceTree = "<group>"; };
		4B91A68C1A61336600AAA9A9 /* zero@2x.png */ = {isa = PBXFileReference; lastKnownFileType = image.png; path = "zero@2x.png"; sourceTree = "<group>"; };
		4BA38C971A63704E009D25A0 /* MKPopView.h */ = {isa = PBXFileReference; fileEncoding = 4; lastKnownFileType = sourcecode.c.h; path = MKPopView.h; sourceTree = "<group>"; };
		4BA38C981A63704E009D25A0 /* MKPopView.m */ = {isa = PBXFileReference; fileEncoding = 4; lastKnownFileType = sourcecode.c.objc; path = MKPopView.m; sourceTree = "<group>"; };
		4BA38C9B1A637095009D25A0 /* moments.png */ = {isa = PBXFileReference; lastKnownFileType = image.png; path = moments.png; sourceTree = "<group>"; };
		4BA38C9C1A637095009D25A0 /* sinaIcon.png */ = {isa = PBXFileReference; lastKnownFileType = image.png; path = sinaIcon.png; sourceTree = "<group>"; };
		4BA38C9F1A63E920009D25A0 /* MKTouchableView.h */ = {isa = PBXFileReference; fileEncoding = 4; lastKnownFileType = sourcecode.c.h; path = MKTouchableView.h; sourceTree = "<group>"; };
		4BA38CA01A63E920009D25A0 /* MKTouchableView.m */ = {isa = PBXFileReference; fileEncoding = 4; lastKnownFileType = sourcecode.c.objc; path = MKTouchableView.m; sourceTree = "<group>"; };
		4BC06A1D1A5252D700D62B3C /* bottle@2x.png */ = {isa = PBXFileReference; lastKnownFileType = image.png; path = "bottle@2x.png"; sourceTree = "<group>"; };
		4BC06A1E1A5252D700D62B3C /* more@2x.png */ = {isa = PBXFileReference; lastKnownFileType = image.png; path = "more@2x.png"; sourceTree = "<group>"; };
		4BC06A1F1A5252D700D62B3C /* add@2x.png */ = {isa = PBXFileReference; lastKnownFileType = image.png; path = "add@2x.png"; sourceTree = "<group>"; };
		4BC06A201A5252D700D62B3C /* setting@2x.png */ = {isa = PBXFileReference; lastKnownFileType = image.png; path = "setting@2x.png"; sourceTree = "<group>"; };
		4BC06A261A52756600D62B3C /* MKSettingViewController.h */ = {isa = PBXFileReference; fileEncoding = 4; lastKnownFileType = sourcecode.c.h; path = MKSettingViewController.h; sourceTree = "<group>"; };
		4BC06A271A52756600D62B3C /* MKSettingViewController.m */ = {isa = PBXFileReference; fileEncoding = 4; lastKnownFileType = sourcecode.c.objc; path = MKSettingViewController.m; sourceTree = "<group>"; };
		4BC06A291A527E2D00D62B3C /* MKCommon.h */ = {isa = PBXFileReference; fileEncoding = 4; lastKnownFileType = sourcecode.c.h; path = MKCommon.h; sourceTree = "<group>"; };
		4BC06A2A1A527FF600D62B3C /* MKAddViewController.h */ = {isa = PBXFileReference; fileEncoding = 4; lastKnownFileType = sourcecode.c.h; path = MKAddViewController.h; sourceTree = "<group>"; };
		4BC06A2B1A527FF600D62B3C /* MKAddViewController.m */ = {isa = PBXFileReference; fileEncoding = 4; lastKnownFileType = sourcecode.c.objc; path = MKAddViewController.m; sourceTree = "<group>"; };
		4BCF0CA81A50F95900A2FF5D /* Mike.app */ = {isa = PBXFileReference; explicitFileType = wrapper.application; includeInIndex = 0; path = Mike.app; sourceTree = BUILT_PRODUCTS_DIR; };
		4BCF0CAC1A50F95900A2FF5D /* Info.plist */ = {isa = PBXFileReference; lastKnownFileType = text.plist.xml; path = Info.plist; sourceTree = "<group>"; };
		4BCF0CAD1A50F95900A2FF5D /* main.m */ = {isa = PBXFileReference; lastKnownFileType = sourcecode.c.objc; path = main.m; sourceTree = "<group>"; };
		4BCF0CAF1A50F95900A2FF5D /* AppDelegate.h */ = {isa = PBXFileReference; lastKnownFileType = sourcecode.c.h; path = AppDelegate.h; sourceTree = "<group>"; };
		4BCF0CB01A50F95900A2FF5D /* AppDelegate.m */ = {isa = PBXFileReference; lastKnownFileType = sourcecode.c.objc; path = AppDelegate.m; sourceTree = "<group>"; };
		4BCF0CB81A50F95900A2FF5D /* Images.xcassets */ = {isa = PBXFileReference; lastKnownFileType = folder.assetcatalog; path = Images.xcassets; sourceTree = "<group>"; };
		4BCF0CC11A50F95A00A2FF5D /* MikeTests.xctest */ = {isa = PBXFileReference; explicitFileType = wrapper.cfbundle; includeInIndex = 0; path = MikeTests.xctest; sourceTree = BUILT_PRODUCTS_DIR; };
		4BCF0CC61A50F95A00A2FF5D /* Info.plist */ = {isa = PBXFileReference; lastKnownFileType = text.plist.xml; path = Info.plist; sourceTree = "<group>"; };
		4BCF0CC71A50F95A00A2FF5D /* MikeTests.m */ = {isa = PBXFileReference; lastKnownFileType = sourcecode.c.objc; path = MikeTests.m; sourceTree = "<group>"; };
		4BD18F991A51046200CC0F4D /* MKRootViewController.h */ = {isa = PBXFileReference; fileEncoding = 4; lastKnownFileType = sourcecode.c.h; path = MKRootViewController.h; sourceTree = "<group>"; };
		4BD18F9A1A51046200CC0F4D /* MKRootViewController.m */ = {isa = PBXFileReference; fileEncoding = 4; lastKnownFileType = sourcecode.c.objc; path = MKRootViewController.m; sourceTree = "<group>"; };
		4BD2F4521A5A7FA00094AE5B /* MKMilkViewController.h */ = {isa = PBXFileReference; fileEncoding = 4; lastKnownFileType = sourcecode.c.h; path = MKMilkViewController.h; sourceTree = "<group>"; };
		4BD2F4531A5A7FA00094AE5B /* MKMilkViewController.m */ = {isa = PBXFileReference; fileEncoding = 4; lastKnownFileType = sourcecode.c.objc; path = MKMilkViewController.m; sourceTree = "<group>"; };
		4BE59E121A53CD35004CF8D9 /* MKChartTableViewCell.h */ = {isa = PBXFileReference; fileEncoding = 4; lastKnownFileType = sourcecode.c.h; path = MKChartTableViewCell.h; sourceTree = "<group>"; };
		4BE59E131A53CD35004CF8D9 /* MKChartTableViewCell.m */ = {isa = PBXFileReference; fileEncoding = 4; lastKnownFileType = sourcecode.c.objc; path = MKChartTableViewCell.m; sourceTree = "<group>"; };
		4BE59E151A53D3F2004CF8D9 /* 奶量条前景.png */ = {isa = PBXFileReference; lastKnownFileType = image.png; path = "奶量条前景.png"; sourceTree = "<group>"; };
		4BE59E161A53D3F2004CF8D9 /* chart@2x.png */ = {isa = PBXFileReference; lastKnownFileType = image.png; path = "chart@2x.png"; sourceTree = "<group>"; };
		4BE59E1C1A53F342004CF8D9 /* MKRecordTableViewCell.h */ = {isa = PBXFileReference; fileEncoding = 4; lastKnownFileType = sourcecode.c.h; path = MKRecordTableViewCell.h; sourceTree = "<group>"; };
		4BE59E1D1A53F342004CF8D9 /* MKRecordTableViewCell.m */ = {isa = PBXFileReference; fileEncoding = 4; lastKnownFileType = sourcecode.c.objc; path = MKRecordTableViewCell.m; sourceTree = "<group>"; };
		E2109BF81A5A43220031119C /* back.png */ = {isa = PBXFileReference; lastKnownFileType = image.png; path = back.png; sourceTree = "<group>"; };
		E2815C441A5938A000916F43 /* 打分鼓励，给个评价！.png */ = {isa = PBXFileReference; lastKnownFileType = image.png; path = "打分鼓励，给个评价！.png"; sourceTree = "<group>"; };
		E2815C451A5938A000916F43 /* 导出数据.png */ = {isa = PBXFileReference; lastKnownFileType = image.png; path = "导出数据.png"; sourceTree = "<group>"; };
		E2815C461A5938A000916F43 /* 关于我们.png */ = {isa = PBXFileReference; lastKnownFileType = image.png; path = "关于我们.png"; sourceTree = "<group>"; };
		E2815C471A5938A000916F43 /* 商务合作.png */ = {isa = PBXFileReference; lastKnownFileType = image.png; path = "商务合作.png"; sourceTree = "<group>"; };
		E2815C481A5938A000916F43 /* 提醒设置.png */ = {isa = PBXFileReference; lastKnownFileType = image.png; path = "提醒设置.png"; sourceTree = "<group>"; };
		E2815C491A5938A000916F43 /* 推荐给朋友.png */ = {isa = PBXFileReference; lastKnownFileType = image.png; path = "推荐给朋友.png"; sourceTree = "<group>"; };
		E2815C4A1A5938A000916F43 /* 意见反馈.png */ = {isa = PBXFileReference; lastKnownFileType = image.png; path = "意见反馈.png"; sourceTree = "<group>"; };
		E2815C4B1A5938A000916F43 /* 应用推荐.png */ = {isa = PBXFileReference; lastKnownFileType = image.png; path = "应用推荐.png"; sourceTree = "<group>"; };
		E29FFCA81A5E7EBC004273BE /* MKAboutUs.h */ = {isa = PBXFileReference; fileEncoding = 4; lastKnownFileType = sourcecode.c.h; path = MKAboutUs.h; sourceTree = "<group>"; };
		E29FFCA91A5E7EBC004273BE /* MKAboutUs.m */ = {isa = PBXFileReference; fileEncoding = 4; lastKnownFileType = sourcecode.c.objc; path = MKAboutUs.m; sourceTree = "<group>"; };
		E29FFCAB1A5E7ECE004273BE /* MKBusinessCooperation.h */ = {isa = PBXFileReference; fileEncoding = 4; lastKnownFileType = sourcecode.c.h; path = MKBusinessCooperation.h; sourceTree = "<group>"; };
		E29FFCAC1A5E7ECE004273BE /* MKBusinessCooperation.m */ = {isa = PBXFileReference; fileEncoding = 4; lastKnownFileType = sourcecode.c.objc; path = MKBusinessCooperation.m; sourceTree = "<group>"; };
		E2B644011A77336B00909745 /* share1@2x.png */ = {isa = PBXFileReference; lastKnownFileType = image.png; path = "share1@2x.png"; sourceTree = "<group>"; };
		E2B644021A77336B00909745 /* share2@2x.png */ = {isa = PBXFileReference; lastKnownFileType = image.png; path = "share2@2x.png"; sourceTree = "<group>"; };
/* End PBXFileReference section */

/* Begin PBXFrameworksBuildPhase section */
		4BCF0CA51A50F95900A2FF5D /* Frameworks */ = {
			isa = PBXFrameworksBuildPhase;
			buildActionMask = 2147483647;
			files = (
				4B040BDA1A59474400DF859F /* libsqlite3.dylib in Frameworks */,
			);
			runOnlyForDeploymentPostprocessing = 0;
		};
		4BCF0CBE1A50F95A00A2FF5D /* Frameworks */ = {
			isa = PBXFrameworksBuildPhase;
			buildActionMask = 2147483647;
			files = (
			);
			runOnlyForDeploymentPostprocessing = 0;
		};
/* End PBXFrameworksBuildPhase section */

/* Begin PBXGroup section */
		4B0E54531A7739D10014B8BF /* Library */ = {
			isa = PBXGroup;
			children = (
				4B0E54541A7739EA0014B8BF /* CountLabel */,
			);
			name = Library;
			sourceTree = "<group>";
		};
		4B0E54541A7739EA0014B8BF /* CountLabel */ = {
			isa = PBXGroup;
			children = (
				4B0E54551A773A010014B8BF /* UICountingLabel.h */,
				4B0E54561A773A010014B8BF /* UICountingLabel.m */,
			);
			name = CountLabel;
			sourceTree = "<group>";
		};
		4B374D9B1A5A75B90026CFF4 /* DataModel */ = {
			isa = PBXGroup;
			children = (
				4B040BDB1A59482100DF859F /* MKRecord.h */,
				4B040BDC1A59482100DF859F /* MKRecord.m */,
				4B374D891A5A60AE0026CFF4 /* MKDate.h */,
				4B374D8A1A5A60AE0026CFF4 /* MKDate.m */,
			);
			name = DataModel;
			sourceTree = "<group>";
		};
		4B374D9C1A5A75D40026CFF4 /* DataController */ = {
			isa = PBXGroup;
			children = (
				4B040BD11A5939A100DF859F /* MKDataController.h */,
				4B040BD21A5939A100DF859F /* MKDataController.m */,
				4B040BD61A59468000DF859F /* MKDBManager.h */,
				4B040BD71A59468000DF859F /* MKDBManager.m */,
			);
			name = DataController;
			sourceTree = "<group>";
		};
		4B374D9D1A5A75F20026CFF4 /* Views */ = {
			isa = PBXGroup;
			children = (
				4B5782E21A53A0C20085BEAE /* MKTopView.h */,
				4B5782E31A53A0C20085BEAE /* MKTopView.m */,
				4BE59E121A53CD35004CF8D9 /* MKChartTableViewCell.h */,
				4BE59E131A53CD35004CF8D9 /* MKChartTableViewCell.m */,
				4BE59E1C1A53F342004CF8D9 /* MKRecordTableViewCell.h */,
				4BE59E1D1A53F342004CF8D9 /* MKRecordTableViewCell.m */,
				4BA38C9F1A63E920009D25A0 /* MKTouchableView.h */,
				4BA38CA01A63E920009D25A0 /* MKTouchableView.m */,
			);
			name = Views;
			sourceTree = "<group>";
		};
		4BA38C9A1A637089009D25A0 /* share */ = {
			isa = PBXGroup;
			children = (
				4BA38C9B1A637095009D25A0 /* moments.png */,
				4BA38C9C1A637095009D25A0 /* sinaIcon.png */,
			);
			name = share;
			sourceTree = "<group>";
		};
		4BC06A1B1A5252B300D62B3C /* images */ = {
			isa = PBXGroup;
			children = (
				4BA38C9A1A637089009D25A0 /* share */,
				4B91A68C1A61336600AAA9A9 /* zero@2x.png */,
				E2109BF81A5A43220031119C /* back.png */,
				E2815C441A5938A000916F43 /* 打分鼓励，给个评价！.png */,
				E2815C451A5938A000916F43 /* 导出数据.png */,
				E2815C461A5938A000916F43 /* 关于我们.png */,
				E2815C471A5938A000916F43 /* 商务合作.png */,
				E2815C481A5938A000916F43 /* 提醒设置.png */,
				E2815C491A5938A000916F43 /* 推荐给朋友.png */,
				E2815C4A1A5938A000916F43 /* 意见反馈.png */,
				E2815C4B1A5938A000916F43 /* 应用推荐.png */,
				4BE59E151A53D3F2004CF8D9 /* 奶量条前景.png */,
				4BE59E161A53D3F2004CF8D9 /* chart@2x.png */,
				4B5782E01A539DB80085BEAE /* NavigationBarBackground.png */,
				E2B644011A77336B00909745 /* share1@2x.png */,
				E2B644021A77336B00909745 /* share2@2x.png */,
				4BC06A1D1A5252D700D62B3C /* bottle@2x.png */,
				4BC06A1E1A5252D700D62B3C /* more@2x.png */,
				4BC06A1F1A5252D700D62B3C /* add@2x.png */,
				4BC06A201A5252D700D62B3C /* setting@2x.png */,
			);
			name = images;
			sourceTree = "<group>";
		};
		4BCF0C9F1A50F95900A2FF5D = {
			isa = PBXGroup;
			children = (
				4B040BD91A59474400DF859F /* libsqlite3.dylib */,
				4BCF0CAA1A50F95900A2FF5D /* Mike */,
				4BCF0CC41A50F95A00A2FF5D /* MikeTests */,
				4BCF0CA91A50F95900A2FF5D /* Products */,
			);
			sourceTree = "<group>";
		};
		4BCF0CA91A50F95900A2FF5D /* Products */ = {
			isa = PBXGroup;
			children = (
				4BCF0CA81A50F95900A2FF5D /* Mike.app */,
				4BCF0CC11A50F95A00A2FF5D /* MikeTests.xctest */,
			);
			name = Products;
			sourceTree = "<group>";
		};
		4BCF0CAA1A50F95900A2FF5D /* Mike */ = {
			isa = PBXGroup;
			children = (
				4B0E54531A7739D10014B8BF /* Library */,
				4B374D9D1A5A75F20026CFF4 /* Views */,
				4B374D9C1A5A75D40026CFF4 /* DataController */,
				4B374D9B1A5A75B90026CFF4 /* DataModel */,
				4BC06A291A527E2D00D62B3C /* MKCommon.h */,
				4BCF0CAF1A50F95900A2FF5D /* AppDelegate.h */,
				4BCF0CB01A50F95900A2FF5D /* AppDelegate.m */,
				4BCF0CB81A50F95900A2FF5D /* Images.xcassets */,
				4BCF0CAB1A50F95900A2FF5D /* Supporting Files */,
				4BD18F991A51046200CC0F4D /* MKRootViewController.h */,
				4BD18F9A1A51046200CC0F4D /* MKRootViewController.m */,
				4BC06A261A52756600D62B3C /* MKSettingViewController.h */,
				4BC06A271A52756600D62B3C /* MKSettingViewController.m */,
				4BC06A2A1A527FF600D62B3C /* MKAddViewController.h */,
				4BC06A2B1A527FF600D62B3C /* MKAddViewController.m */,
				4B374D8C1A5A629B0026CFF4 /* MKRecordsViewController.h */,
				4B374D8D1A5A629B0026CFF4 /* MKRecordsViewController.m */,
				4BD2F4521A5A7FA00094AE5B /* MKMilkViewController.h */,
				4BD2F4531A5A7FA00094AE5B /* MKMilkViewController.m */,
				E29FFCA81A5E7EBC004273BE /* MKAboutUs.h */,
				E29FFCA91A5E7EBC004273BE /* MKAboutUs.m */,
				E29FFCAB1A5E7ECE004273BE /* MKBusinessCooperation.h */,
				E29FFCAC1A5E7ECE004273BE /* MKBusinessCooperation.m */,
				4BA38C971A63704E009D25A0 /* MKPopView.h */,
				4BA38C981A63704E009D25A0 /* MKPopView.m */,
				4B097F401A762333008EA48A /* MKModifyViewController.h */,
				4B097F411A762333008EA48A /* MKModifyViewController.m */,
			);
			path = Mike;
			sourceTree = "<group>";
		};
		4BCF0CAB1A50F95900A2FF5D /* Supporting Files */ = {
			isa = PBXGroup;
			children = (
				4B3D3B1E1A5BEAD80069707C /* MKDataBase.sqlite */,
				4BC06A1B1A5252B300D62B3C /* images */,
				4BCF0CAC1A50F95900A2FF5D /* Info.plist */,
				4BCF0CAD1A50F95900A2FF5D /* main.m */,
			);
			name = "Supporting Files";
			sourceTree = "<group>";
		};
		4BCF0CC41A50F95A00A2FF5D /* MikeTests */ = {
			isa = PBXGroup;
			children = (
				4BCF0CC71A50F95A00A2FF5D /* MikeTests.m */,
				4BCF0CC51A50F95A00A2FF5D /* Supporting Files */,
			);
			path = MikeTests;
			sourceTree = "<group>";
		};
		4BCF0CC51A50F95A00A2FF5D /* Supporting Files */ = {
			isa = PBXGroup;
			children = (
				4BCF0CC61A50F95A00A2FF5D /* Info.plist */,
			);
			name = "Supporting Files";
			sourceTree = "<group>";
		};
/* End PBXGroup section */

/* Begin PBXNativeTarget section */
		4BCF0CA71A50F95900A2FF5D /* Mike */ = {
			isa = PBXNativeTarget;
			buildConfigurationList = 4BCF0CCB1A50F95A00A2FF5D /* Build configuration list for PBXNativeTarget "Mike" */;
			buildPhases = (
				4BCF0CA41A50F95900A2FF5D /* Sources */,
				4BCF0CA51A50F95900A2FF5D /* Frameworks */,
				4BCF0CA61A50F95900A2FF5D /* Resources */,
			);
			buildRules = (
			);
			dependencies = (
			);
			name = Mike;
			productName = Mike;
			productReference = 4BCF0CA81A50F95900A2FF5D /* Mike.app */;
			productType = "com.apple.product-type.application";
		};
		4BCF0CC01A50F95A00A2FF5D /* MikeTests */ = {
			isa = PBXNativeTarget;
			buildConfigurationList = 4BCF0CCE1A50F95A00A2FF5D /* Build configuration list for PBXNativeTarget "MikeTests" */;
			buildPhases = (
				4BCF0CBD1A50F95A00A2FF5D /* Sources */,
				4BCF0CBE1A50F95A00A2FF5D /* Frameworks */,
				4BCF0CBF1A50F95A00A2FF5D /* Resources */,
			);
			buildRules = (
			);
			dependencies = (
				4BCF0CC31A50F95A00A2FF5D /* PBXTargetDependency */,
			);
			name = MikeTests;
			productName = MikeTests;
			productReference = 4BCF0CC11A50F95A00A2FF5D /* MikeTests.xctest */;
			productType = "com.apple.product-type.bundle.unit-test";
		};
/* End PBXNativeTarget section */

/* Begin PBXProject section */
		4BCF0CA01A50F95900A2FF5D /* Project object */ = {
			isa = PBXProject;
			attributes = {
				LastUpgradeCheck = 0610;
				ORGANIZATIONNAME = "zhang kai";
				TargetAttributes = {
					4BCF0CA71A50F95900A2FF5D = {
						CreatedOnToolsVersion = 6.1.1;
					};
					4BCF0CC01A50F95A00A2FF5D = {
						CreatedOnToolsVersion = 6.1.1;
						TestTargetID = 4BCF0CA71A50F95900A2FF5D;
					};
				};
			};
			buildConfigurationList = 4BCF0CA31A50F95900A2FF5D /* Build configuration list for PBXProject "Mike" */;
			compatibilityVersion = "Xcode 3.2";
			developmentRegion = English;
			hasScannedForEncodings = 0;
			knownRegions = (
				en,
				Base,
			);
			mainGroup = 4BCF0C9F1A50F95900A2FF5D;
			productRefGroup = 4BCF0CA91A50F95900A2FF5D /* Products */;
			projectDirPath = "";
			projectRoot = "";
			targets = (
				4BCF0CA71A50F95900A2FF5D /* Mike */,
				4BCF0CC01A50F95A00A2FF5D /* MikeTests */,
			);
		};
/* End PBXProject section */

/* Begin PBXResourcesBuildPhase section */
		4BCF0CA61A50F95900A2FF5D /* Resources */ = {
			isa = PBXResourcesBuildPhase;
			buildActionMask = 2147483647;
			files = (
				4B91A68D1A61336600AAA9A9 /* zero@2x.png in Resources */,
				4B5782E11A539DB80085BEAE /* NavigationBarBackground.png in Resources */,
				4BC06A241A5252D700D62B3C /* add@2x.png in Resources */,
				E2B644031A77336B00909745 /* share1@2x.png in Resources */,
				E2815C531A5938A000916F43 /* 应用推荐.png in Resources */,
				E2815C521A5938A000916F43 /* 意见反馈.png in Resources */,
				E2B644041A77336B00909745 /* share2@2x.png in Resources */,
				4B3D3B1F1A5BEAD80069707C /* MKDataBase.sqlite in Resources */,
				E2815C4C1A5938A000916F43 /* 打分鼓励，给个评价！.png in Resources */,
				4BCF0CB91A50F95900A2FF5D /* Images.xcassets in Resources */,
				E2815C4E1A5938A000916F43 /* 关于我们.png in Resources */,
				4BE59E181A53D3F2004CF8D9 /* chart@2x.png in Resources */,
				4BC06A251A5252D700D62B3C /* setting@2x.png in Resources */,
				E2815C4F1A5938A000916F43 /* 商务合作.png in Resources */,
				4BA38C9E1A637095009D25A0 /* sinaIcon.png in Resources */,
				E2109BF91A5A43220031119C /* back.png in Resources */,
				4BC06A221A5252D700D62B3C /* bottle@2x.png in Resources */,
				E2815C501A5938A000916F43 /* 提醒设置.png in Resources */,
				4BE59E171A53D3F2004CF8D9 /* 奶量条前景.png in Resources */,
				4BC06A231A5252D700D62B3C /* more@2x.png in Resources */,
				4BA38C9D1A637095009D25A0 /* moments.png in Resources */,
				E2815C4D1A5938A000916F43 /* 导出数据.png in Resources */,
				E2815C511A5938A000916F43 /* 推荐给朋友.png in Resources */,
			);
			runOnlyForDeploymentPostprocessing = 0;
		};
		4BCF0CBF1A50F95A00A2FF5D /* Resources */ = {
			isa = PBXResourcesBuildPhase;
			buildActionMask = 2147483647;
			files = (
			);
			runOnlyForDeploymentPostprocessing = 0;
		};
/* End PBXResourcesBuildPhase section */

/* Begin PBXSourcesBuildPhase section */
		4BCF0CA41A50F95900A2FF5D /* Sources */ = {
			isa = PBXSourcesBuildPhase;
			buildActionMask = 2147483647;
			files = (
				4BD18F9B1A51046200CC0F4D /* MKRootViewController.m in Sources */,
				4BC06A2C1A527FF600D62B3C /* MKAddViewController.m in Sources */,
				4BC06A281A52756600D62B3C /* MKSettingViewController.m in Sources */,
				E29FFCAA1A5E7EBC004273BE /* MKAboutUs.m in Sources */,
				4B097F421A762333008EA48A /* MKModifyViewController.m in Sources */,
				4BCF0CB11A50F95900A2FF5D /* AppDelegate.m in Sources */,
				4B040BD81A59468000DF859F /* MKDBManager.m in Sources */,
				4B5782E41A53A0C20085BEAE /* MKTopView.m in Sources */,
				4BE59E1E1A53F342004CF8D9 /* MKRecordTableViewCell.m in Sources */,
				4BA38CA11A63E920009D25A0 /* MKTouchableView.m in Sources */,
				4BCF0CAE1A50F95900A2FF5D /* main.m in Sources */,
				E29FFCAD1A5E7ECE004273BE /* MKBusinessCooperation.m in Sources */,
				4B040BD31A5939A200DF859F /* MKDataController.m in Sources */,
				4BA38C991A63704E009D25A0 /* MKPopView.m in Sources */,
				4B040BDD1A59482100DF859F /* MKRecord.m in Sources */,
				4BD2F4541A5A7FA00094AE5B /* MKMilkViewController.m in Sources */,
				4B374D8E1A5A629B0026CFF4 /* MKRecordsViewController.m in Sources */,
				4B0E54571A773A010014B8BF /* UICountingLabel.m in Sources */,
				4B374D8B1A5A60AE0026CFF4 /* MKDate.m in Sources */,
				4BE59E141A53CD35004CF8D9 /* MKChartTableViewCell.m in Sources */,
			);
			runOnlyForDeploymentPostprocessing = 0;
		};
		4BCF0CBD1A50F95A00A2FF5D /* Sources */ = {
			isa = PBXSourcesBuildPhase;
			buildActionMask = 2147483647;
			files = (
				4BCF0CC81A50F95A00A2FF5D /* MikeTests.m in Sources */,
			);
			runOnlyForDeploymentPostprocessing = 0;
		};
/* End PBXSourcesBuildPhase section */

/* Begin PBXTargetDependency section */
		4BCF0CC31A50F95A00A2FF5D /* PBXTargetDependency */ = {
			isa = PBXTargetDependency;
			target = 4BCF0CA71A50F95900A2FF5D /* Mike */;
			targetProxy = 4BCF0CC21A50F95A00A2FF5D /* PBXContainerItemProxy */;
		};
/* End PBXTargetDependency section */

/* Begin XCBuildConfiguration section */
		4BCF0CC91A50F95A00A2FF5D /* Debug */ = {
			isa = XCBuildConfiguration;
			buildSettings = {
				ALWAYS_SEARCH_USER_PATHS = NO;
				CLANG_CXX_LANGUAGE_STANDARD = "gnu++0x";
				CLANG_CXX_LIBRARY = "libc++";
				CLANG_ENABLE_MODULES = YES;
				CLANG_ENABLE_OBJC_ARC = YES;
				CLANG_WARN_BOOL_CONVERSION = YES;
				CLANG_WARN_CONSTANT_CONVERSION = YES;
				CLANG_WARN_DIRECT_OBJC_ISA_USAGE = YES_ERROR;
				CLANG_WARN_EMPTY_BODY = YES;
				CLANG_WARN_ENUM_CONVERSION = YES;
				CLANG_WARN_INT_CONVERSION = YES;
				CLANG_WARN_OBJC_ROOT_CLASS = YES_ERROR;
				CLANG_WARN_UNREACHABLE_CODE = YES;
				CLANG_WARN__DUPLICATE_METHOD_MATCH = YES;
				"CODE_SIGN_IDENTITY[sdk=iphoneos*]" = "iPhone Developer";
				COPY_PHASE_STRIP = NO;
				ENABLE_STRICT_OBJC_MSGSEND = YES;
				GCC_C_LANGUAGE_STANDARD = gnu99;
				GCC_DYNAMIC_NO_PIC = NO;
				GCC_OPTIMIZATION_LEVEL = 0;
				GCC_PREPROCESSOR_DEFINITIONS = (
					"DEBUG=1",
					"$(inherited)",
				);
				GCC_SYMBOLS_PRIVATE_EXTERN = NO;
				GCC_WARN_64_TO_32_BIT_CONVERSION = YES;
				GCC_WARN_ABOUT_RETURN_TYPE = YES_ERROR;
				GCC_WARN_UNDECLARED_SELECTOR = YES;
				GCC_WARN_UNINITIALIZED_AUTOS = YES_AGGRESSIVE;
				GCC_WARN_UNUSED_FUNCTION = YES;
				GCC_WARN_UNUSED_VARIABLE = YES;
				IPHONEOS_DEPLOYMENT_TARGET = 8.1;
				MTL_ENABLE_DEBUG_INFO = YES;
				ONLY_ACTIVE_ARCH = YES;
				SDKROOT = iphoneos;
			};
			name = Debug;
		};
		4BCF0CCA1A50F95A00A2FF5D /* Release */ = {
			isa = XCBuildConfiguration;
			buildSettings = {
				ALWAYS_SEARCH_USER_PATHS = NO;
				CLANG_CXX_LANGUAGE_STANDARD = "gnu++0x";
				CLANG_CXX_LIBRARY = "libc++";
				CLANG_ENABLE_MODULES = YES;
				CLANG_ENABLE_OBJC_ARC = YES;
				CLANG_WARN_BOOL_CONVERSION = YES;
				CLANG_WARN_CONSTANT_CONVERSION = YES;
				CLANG_WARN_DIRECT_OBJC_ISA_USAGE = YES_ERROR;
				CLANG_WARN_EMPTY_BODY = YES;
				CLANG_WARN_ENUM_CONVERSION = YES;
				CLANG_WARN_INT_CONVERSION = YES;
				CLANG_WARN_OBJC_ROOT_CLASS = YES_ERROR;
				CLANG_WARN_UNREACHABLE_CODE = YES;
				CLANG_WARN__DUPLICATE_METHOD_MATCH = YES;
				"CODE_SIGN_IDENTITY[sdk=iphoneos*]" = "iPhone Developer";
				COPY_PHASE_STRIP = YES;
				ENABLE_NS_ASSERTIONS = NO;
				ENABLE_STRICT_OBJC_MSGSEND = YES;
				GCC_C_LANGUAGE_STANDARD = gnu99;
				GCC_WARN_64_TO_32_BIT_CONVERSION = YES;
				GCC_WARN_ABOUT_RETURN_TYPE = YES_ERROR;
				GCC_WARN_UNDECLARED_SELECTOR = YES;
				GCC_WARN_UNINITIALIZED_AUTOS = YES_AGGRESSIVE;
				GCC_WARN_UNUSED_FUNCTION = YES;
				GCC_WARN_UNUSED_VARIABLE = YES;
				IPHONEOS_DEPLOYMENT_TARGET = 8.1;
				MTL_ENABLE_DEBUG_INFO = NO;
				SDKROOT = iphoneos;
				VALIDATE_PRODUCT = YES;
			};
			name = Release;
		};
		4BCF0CCC1A50F95A00A2FF5D /* Debug */ = {
			isa = XCBuildConfiguration;
			buildSettings = {
				ASSETCATALOG_COMPILER_APPICON_NAME = AppIcon;
				ASSETCATALOG_COMPILER_LAUNCHIMAGE_NAME = LaunchImage;
				INFOPLIST_FILE = Mike/Info.plist;
				IPHONEOS_DEPLOYMENT_TARGET = 6.0;
				LD_RUNPATH_SEARCH_PATHS = "$(inherited) @executable_path/Frameworks";
				PRODUCT_NAME = "$(TARGET_NAME)";
			};
			name = Debug;
		};
		4BCF0CCD1A50F95A00A2FF5D /* Release */ = {
			isa = XCBuildConfiguration;
			buildSettings = {
				ASSETCATALOG_COMPILER_APPICON_NAME = AppIcon;
				ASSETCATALOG_COMPILER_LAUNCHIMAGE_NAME = LaunchImage;
				INFOPLIST_FILE = Mike/Info.plist;
				IPHONEOS_DEPLOYMENT_TARGET = 6.0;
				LD_RUNPATH_SEARCH_PATHS = "$(inherited) @executable_path/Frameworks";
				PRODUCT_NAME = "$(TARGET_NAME)";
			};
			name = Release;
		};
		4BCF0CCF1A50F95A00A2FF5D /* Debug */ = {
			isa = XCBuildConfiguration;
			buildSettings = {
				BUNDLE_LOADER = "$(TEST_HOST)";
				FRAMEWORK_SEARCH_PATHS = (
					"$(SDKROOT)/Developer/Library/Frameworks",
					"$(inherited)",
				);
				GCC_PREPROCESSOR_DEFINITIONS = (
					"DEBUG=1",
					"$(inherited)",
				);
				INFOPLIST_FILE = MikeTests/Info.plist;
				LD_RUNPATH_SEARCH_PATHS = "$(inherited) @executable_path/Frameworks @loader_path/Frameworks";
				PRODUCT_NAME = "$(TARGET_NAME)";
				TEST_HOST = "$(BUILT_PRODUCTS_DIR)/Mike.app/Mike";
			};
			name = Debug;
		};
		4BCF0CD01A50F95A00A2FF5D /* Release */ = {
			isa = XCBuildConfiguration;
			buildSettings = {
				BUNDLE_LOADER = "$(TEST_HOST)";
				FRAMEWORK_SEARCH_PATHS = (
					"$(SDKROOT)/Developer/Library/Frameworks",
					"$(inherited)",
				);
				INFOPLIST_FILE = MikeTests/Info.plist;
				LD_RUNPATH_SEARCH_PATHS = "$(inherited) @executable_path/Frameworks @loader_path/Frameworks";
				PRODUCT_NAME = "$(TARGET_NAME)";
				TEST_HOST = "$(BUILT_PRODUCTS_DIR)/Mike.app/Mike";
			};
			name = Release;
		};
/* End XCBuildConfiguration section */

/* Begin XCConfigurationList section */
		4BCF0CA31A50F95900A2FF5D /* Build configuration list for PBXProject "Mike" */ = {
			isa = XCConfigurationList;
			buildConfigurations = (
				4BCF0CC91A50F95A00A2FF5D /* Debug */,
				4BCF0CCA1A50F95A00A2FF5D /* Release */,
			);
			defaultConfigurationIsVisible = 0;
			defaultConfigurationName = Release;
		};
		4BCF0CCB1A50F95A00A2FF5D /* Build configuration list for PBXNativeTarget "Mike" */ = {
			isa = XCConfigurationList;
			buildConfigurations = (
				4BCF0CCC1A50F95A00A2FF5D /* Debug */,
				4BCF0CCD1A50F95A00A2FF5D /* Release */,
			);
			defaultConfigurationIsVisible = 0;
			defaultConfigurationName = Release;
		};
		4BCF0CCE1A50F95A00A2FF5D /* Build configuration list for PBXNativeTarget "MikeTests" */ = {
			isa = XCConfigurationList;
			buildConfigurations = (
				4BCF0CCF1A50F95A00A2FF5D /* Debug */,
				4BCF0CD01A50F95A00A2FF5D /* Release */,
			);
			defaultConfigurationIsVisible = 0;
			defaultConfigurationName = Release;
		};
/* End XCConfigurationList section */
	};
	rootObject = 4BCF0CA01A50F95900A2FF5D /* Project object */;
}
