// !$*UTF8*$!
{
	archiveVersion = 1;
	classes = {
	};
	objectVersion = 46;
	objects = {

/* Begin PBXBuildFile section */
		4B040BD31A5939A200DF859F /* MKDataController.m in Sources */ = {isa = PBXBuildFile; fileRef = 4B040BD21A5939A100DF859F /* MKDataController.m */; };
		4B040BD81A59468000DF859F /* MKDBManager.m in Sources */ = {isa = PBXBuildFile; fileRef = 4B040BD71A59468000DF859F /* MKDBManager.m */; };
		4B040BDA1A59474400DF859F /* libsqlite3.dylib in Frameworks */ = {isa = PBXBuildFile; fileRef = 4B040BD91A59474400DF859F /* libsqlite3.dylib */; };
		4B040BDD1A59482100DF859F /* MKRecord.m in Sources */ = {isa = PBXBuildFile; fileRef = 4B040BDC1A59482100DF859F /* MKRecord.m */; };
		4B097F421A762333008EA48A /* MKModifyViewController.m in Sources */ = {isa = PBXBuildFile; fileRef = 4B097F411A762333008EA48A /* MKModifyViewController.m */; };
		4B0E54571A773A010014B8BF /* UICountingLabel.m in Sources */ = {isa = PBXBuildFile; fileRef = 4B0E54561A773A010014B8BF /* UICountingLabel.m */; };
		4B0ED2771A7A0F3500D3F2D1 /* UMSocialLocalizable.strings in Resources */ = {isa = PBXBuildFile; fileRef = 4B0ED2531A7A0F3500D3F2D1 /* UMSocialLocalizable.strings */; };
		4B0ED2781A7A0F3500D3F2D1 /* libUMSocial_Sdk_4.2.1.a in Frameworks */ = {isa = PBXBuildFile; fileRef = 4B0ED2611A7A0F3500D3F2D1 /* libUMSocial_Sdk_4.2.1.a */; };
		4B0ED2791A7A0F3500D3F2D1 /* UMSCommentDetailController.xib in Resources */ = {isa = PBXBuildFile; fileRef = 4B0ED2631A7A0F3500D3F2D1 /* UMSCommentDetailController.xib */; };
		4B0ED27A1A7A0F3500D3F2D1 /* UMSCommentInputController.xib in Resources */ = {isa = PBXBuildFile; fileRef = 4B0ED2641A7A0F3500D3F2D1 /* UMSCommentInputController.xib */; };
		4B0ED27B1A7A0F3500D3F2D1 /* UMSCommentInputControlleriPad.xib in Resources */ = {isa = PBXBuildFile; fileRef = 4B0ED2651A7A0F3500D3F2D1 /* UMSCommentInputControlleriPad.xib */; };
		4B0ED27C1A7A0F3500D3F2D1 /* UMShareEditViewController.xib in Resources */ = {isa = PBXBuildFile; fileRef = 4B0ED2661A7A0F3500D3F2D1 /* UMShareEditViewController.xib */; };
		4B0ED27D1A7A0F3500D3F2D1 /* UMShareEditViewControlleriPad.xib in Resources */ = {isa = PBXBuildFile; fileRef = 4B0ED2671A7A0F3500D3F2D1 /* UMShareEditViewControlleriPad.xib */; };
		4B0ED27E1A7A0F3500D3F2D1 /* UMSLoginViewController.xib in Resources */ = {isa = PBXBuildFile; fileRef = 4B0ED2681A7A0F3500D3F2D1 /* UMSLoginViewController.xib */; };
		4B0ED27F1A7A0F3500D3F2D1 /* UMSnsAccountViewController.xib in Resources */ = {isa = PBXBuildFile; fileRef = 4B0ED2691A7A0F3500D3F2D1 /* UMSnsAccountViewController.xib */; };
		4B0ED2801A7A0F3500D3F2D1 /* UMSShareListController.xib in Resources */ = {isa = PBXBuildFile; fileRef = 4B0ED26A1A7A0F3500D3F2D1 /* UMSShareListController.xib */; };
		4B0ED2811A7A0F3500D3F2D1 /* UMSocialSDKResourcesNew.bundle in Resources */ = {isa = PBXBuildFile; fileRef = 4B0ED26B1A7A0F3500D3F2D1 /* UMSocialSDKResourcesNew.bundle */; };
		4B0ED2821A7A0F3500D3F2D1 /* libSocialSina.a in Frameworks */ = {isa = PBXBuildFile; fileRef = 4B0ED26F1A7A0F3500D3F2D1 /* libSocialSina.a */; };
		4B0ED2831A7A0F3500D3F2D1 /* libSocialWechat.a in Frameworks */ = {isa = PBXBuildFile; fileRef = 4B0ED2721A7A0F3500D3F2D1 /* libSocialWechat.a */; };
		4B0ED2841A7A0F3600D3F2D1 /* libWeChatSDK.a in Frameworks */ = {isa = PBXBuildFile; fileRef = 4B0ED2731A7A0F3500D3F2D1 /* libWeChatSDK.a */; };
		4B374D8B1A5A60AE0026CFF4 /* MKDate.m in Sources */ = {isa = PBXBuildFile; fileRef = 4B374D8A1A5A60AE0026CFF4 /* MKDate.m */; };
		4B374D8E1A5A629B0026CFF4 /* MKRecordsViewController.m in Sources */ = {isa = PBXBuildFile; fileRef = 4B374D8D1A5A629B0026CFF4 /* MKRecordsViewController.m */; };
		4B3D3B1F1A5BEAD80069707C /* MKDataBase.sqlite in Resources */ = {isa = PBXBuildFile; fileRef = 4B3D3B1E1A5BEAD80069707C /* MKDataBase.sqlite */; };
		4B5782E11A539DB80085BEAE /* NavigationBarBackground.png in Resources */ = {isa = PBXBuildFile; fileRef = 4B5782E01A539DB80085BEAE /* NavigationBarBackground.png */; };
		4B5782E41A53A0C20085BEAE /* MKTopView.m in Sources */ = {isa = PBXBuildFile; fileRef = 4B5782E31A53A0C20085BEAE /* MKTopView.m */; };
		4B91A68D1A61336600AAA9A9 /* zero@2x.png in Resources */ = {isa = PBXBuildFile; fileRef = 4B91A68C1A61336600AAA9A9 /* zero@2x.png */; };
		4BA38C991A63704E009D25A0 /* MKPopView.m in Sources */ = {isa = PBXBuildFile; fileRef = 4BA38C981A63704E009D25A0 /* MKPopView.m */; };
		4BA38C9D1A637095009D25A0 /* moments.png in Resources */ = {isa = PBXBuildFile; fileRef = 4BA38C9B1A637095009D25A0 /* moments.png */; };
		4BA38C9E1A637095009D25A0 /* sinaIcon.png in Resources */ = {isa = PBXBuildFile; fileRef = 4BA38C9C1A637095009D25A0 /* sinaIcon.png */; };
		4BA38CA11A63E920009D25A0 /* MKTouchableView.m in Sources */ = {isa = PBXBuildFile; fileRef = 4BA38CA01A63E920009D25A0 /* MKTouchableView.m */; };
		4BC06A221A5252D700D62B3C /* bottle@2x.png in Resources */ = {isa = PBXBuildFile; fileRef = 4BC06A1D1A5252D700D62B3C /* bottle@2x.png */; };
		4BC06A231A5252D700D62B3C /* more@2x.png in Resources */ = {isa = PBXBuildFile; fileRef = 4BC06A1E1A5252D700D62B3C /* more@2x.png */; };
		4BC06A241A5252D700D62B3C /* add@2x.png in Resources */ = {isa = PBXBuildFile; fileRef = 4BC06A1F1A5252D700D62B3C /* add@2x.png */; };
		4BC06A251A5252D700D62B3C /* setting@2x.png in Resources */ = {isa = PBXBuildFile; fileRef = 4BC06A201A5252D700D62B3C /* setting@2x.png */; };
		4BC06A281A52756600D62B3C /* MKSettingViewController.m in Sources */ = {isa = PBXBuildFile; fileRef = 4BC06A271A52756600D62B3C /* MKSettingViewController.m */; };
		4BC06A2C1A527FF600D62B3C /* MKAddViewController.m in Sources */ = {isa = PBXBuildFile; fileRef = 4BC06A2B1A527FF600D62B3C /* MKAddViewController.m */; };
		4BCF0CAE1A50F95900A2FF5D /* main.m in Sources */ = {isa = PBXBuildFile; fileRef = 4BCF0CAD1A50F95900A2FF5D /* main.m */; };
		4BCF0CB11A50F95900A2FF5D /* AppDelegate.m in Sources */ = {isa = PBXBuildFile; fileRef = 4BCF0CB01A50F95900A2FF5D /* AppDelegate.m */; };
		4BCF0CB91A50F95900A2FF5D /* Images.xcassets in Resources */ = {isa = PBXBuildFile; fileRef = 4BCF0CB81A50F95900A2FF5D /* Images.xcassets */; };
		4BCF0CC81A50F95A00A2FF5D /* MikeTests.m in Sources */ = {isa = PBXBuildFile; fileRef = 4BCF0CC71A50F95A00A2FF5D /* MikeTests.m */; };
		4BD18F9B1A51046200CC0F4D /* MKRootViewController.m in Sources */ = {isa = PBXBuildFile; fileRef = 4BD18F9A1A51046200CC0F4D /* MKRootViewController.m */; };
		4BD200011A7A5B4A00C16C7D /* ProgressHUD.bundle in Resources */ = {isa = PBXBuildFile; fileRef = 4BD2FFFE1A7A5B4A00C16C7D /* ProgressHUD.bundle */; };
		4BD200021A7A5B4A00C16C7D /* ProgressHUD.m in Sources */ = {isa = PBXBuildFile; fileRef = 4BD200001A7A5B4A00C16C7D /* ProgressHUD.m */; };
		4BD2F4541A5A7FA00094AE5B /* MKMilkViewController.m in Sources */ = {isa = PBXBuildFile; fileRef = 4BD2F4531A5A7FA00094AE5B /* MKMilkViewController.m */; };
		4BE59E141A53CD35004CF8D9 /* MKChartTableViewCell.m in Sources */ = {isa = PBXBuildFile; fileRef = 4BE59E131A53CD35004CF8D9 /* MKChartTableViewCell.m */; };
		4BE59E171A53D3F2004CF8D9 /* 奶量条前景.png in Resources */ = {isa = PBXBuildFile; fileRef = 4BE59E151A53D3F2004CF8D9 /* 奶量条前景.png */; };
		4BE59E181A53D3F2004CF8D9 /* chart@2x.png in Resources */ = {isa = PBXBuildFile; fileRef = 4BE59E161A53D3F2004CF8D9 /* chart@2x.png */; };
		4BE59E1E1A53F342004CF8D9 /* MKRecordTableViewCell.m in Sources */ = {isa = PBXBuildFile; fileRef = 4BE59E1D1A53F342004CF8D9 /* MKRecordTableViewCell.m */; };
		E2109BF91A5A43220031119C /* back.png in Resources */ = {isa = PBXBuildFile; fileRef = E2109BF81A5A43220031119C /* back.png */; };
		E21FCEA81A7B36C1004497AB /* BusinessCooperation.png in Resources */ = {isa = PBXBuildFile; fileRef = E21FCEA71A7B36C1004497AB /* BusinessCooperation.png */; };
		E21FCEF01A7B3CFB004497AB /* UMFeedbackLocalizable.strings in Resources */ = {isa = PBXBuildFile; fileRef = E21FCED81A7B3CFB004497AB /* UMFeedbackLocalizable.strings */; };
		E21FCEF11A7B3CFB004497AB /* libUMFeedback.a in Frameworks */ = {isa = PBXBuildFile; fileRef = E21FCEDA1A7B3CFB004497AB /* libUMFeedback.a */; };
		E21FCEF21A7B3CFB004497AB /* bubble_min@2x.png in Resources */ = {isa = PBXBuildFile; fileRef = E21FCEDC1A7B3CFB004497AB /* bubble_min@2x.png */; };
		E21FCEF31A7B3CFB004497AB /* cancel@2x.png in Resources */ = {isa = PBXBuildFile; fileRef = E21FCEDD1A7B3CFB004497AB /* cancel@2x.png */; };
		E21FCEF41A7B3CFB004497AB /* microphone@2x.png in Resources */ = {isa = PBXBuildFile; fileRef = E21FCEDE1A7B3CFB004497AB /* microphone@2x.png */; };
		E21FCEF51A7B3CFB004497AB /* save@2x.png in Resources */ = {isa = PBXBuildFile; fileRef = E21FCEDF1A7B3CFB004497AB /* save@2x.png */; };
		E21FCEF61A7B3CFB004497AB /* ToolViewInputText@2x.png in Resources */ = {isa = PBXBuildFile; fileRef = E21FCEE01A7B3CFB004497AB /* ToolViewInputText@2x.png */; };
		E21FCEF71A7B3CFB004497AB /* ToolViewInputTextHL@2x.png in Resources */ = {isa = PBXBuildFile; fileRef = E21FCEE11A7B3CFB004497AB /* ToolViewInputTextHL@2x.png */; };
		E21FCEF81A7B3CFB004497AB /* ToolViewInputVoice@2x.png in Resources */ = {isa = PBXBuildFile; fileRef = E21FCEE21A7B3CFB004497AB /* ToolViewInputVoice@2x.png */; };
		E21FCEF91A7B3CFB004497AB /* ToolViewInputVoiceHL@2x.png in Resources */ = {isa = PBXBuildFile; fileRef = E21FCEE31A7B3CFB004497AB /* ToolViewInputVoiceHL@2x.png */; };
		E21FCEFA1A7B3CFB004497AB /* umeng_fb_audio_dialog_cancel@2x.png in Resources */ = {isa = PBXBuildFile; fileRef = E21FCEE41A7B3CFB004497AB /* umeng_fb_audio_dialog_cancel@2x.png */; };
		E21FCEFB1A7B3CFB004497AB /* umeng_fb_audio_dialog_content@2x.png in Resources */ = {isa = PBXBuildFile; fileRef = E21FCEE51A7B3CFB004497AB /* umeng_fb_audio_dialog_content@2x.png */; };
		E21FCEFC1A7B3CFB004497AB /* umeng_fb_audio_play_01@2x.png in Resources */ = {isa = PBXBuildFile; fileRef = E21FCEE61A7B3CFB004497AB /* umeng_fb_audio_play_01@2x.png */; };
		E21FCEFD1A7B3CFB004497AB /* umeng_fb_audio_play_02@2x.png in Resources */ = {isa = PBXBuildFile; fileRef = E21FCEE71A7B3CFB004497AB /* umeng_fb_audio_play_02@2x.png */; };
		E21FCEFE1A7B3CFB004497AB /* umeng_fb_audio_play_03@2x.png in Resources */ = {isa = PBXBuildFile; fileRef = E21FCEE81A7B3CFB004497AB /* umeng_fb_audio_play_03@2x.png */; };
		E21FCEFF1A7B3CFB004497AB /* umeng_fb_audio_play_default@2x.png in Resources */ = {isa = PBXBuildFile; fileRef = E21FCEE91A7B3CFB004497AB /* umeng_fb_audio_play_default@2x.png */; };
		E21FCF001A7B3CFB004497AB /* libUMOpus.a in Frameworks */ = {isa = PBXBuildFile; fileRef = E21FCEEC1A7B3CFB004497AB /* libUMOpus.a */; };
		E21FCF041A7B3EFB004497AB /* libUMessage_Sdk_1.1.0.a in Frameworks */ = {isa = PBXBuildFile; fileRef = E21FCF021A7B3EFB004497AB /* libUMessage_Sdk_1.1.0.a */; };
		E21FCF081A7B41B0004497AB /* AVFoundation.framework in Frameworks */ = {isa = PBXBuildFile; fileRef = E21FCF071A7B41B0004497AB /* AVFoundation.framework */; };
		E2815C4C1A5938A000916F43 /* 打分鼓励，给个评价！.png in Resources */ = {isa = PBXBuildFile; fileRef = E2815C441A5938A000916F43 /* 打分鼓励，给个评价！.png */; };
		E2815C4D1A5938A000916F43 /* 导出数据.png in Resources */ = {isa = PBXBuildFile; fileRef = E2815C451A5938A000916F43 /* 导出数据.png */; };
		E2815C4E1A5938A000916F43 /* 关于我们.png in Resources */ = {isa = PBXBuildFile; fileRef = E2815C461A5938A000916F43 /* 关于我们.png */; };
		E2815C4F1A5938A000916F43 /* 商务合作.png in Resources */ = {isa = PBXBuildFile; fileRef = E2815C471A5938A000916F43 /* 商务合作.png */; };
		E2815C501A5938A000916F43 /* 提醒设置.png in Resources */ = {isa = PBXBuildFile; fileRef = E2815C481A5938A000916F43 /* 提醒设置.png */; };
		E2815C511A5938A000916F43 /* 推荐给朋友.png in Resources */ = {isa = PBXBuildFile; fileRef = E2815C491A5938A000916F43 /* 推荐给朋友.png */; };
		E2815C521A5938A000916F43 /* 意见反馈.png in Resources */ = {isa = PBXBuildFile; fileRef = E2815C4A1A5938A000916F43 /* 意见反馈.png */; };
		E2815C531A5938A000916F43 /* 应用推荐.png in Resources */ = {isa = PBXBuildFile; fileRef = E2815C4B1A5938A000916F43 /* 应用推荐.png */; };
		E29FFCAA1A5E7EBC004273BE /* MKAboutUs.m in Sources */ = {isa = PBXBuildFile; fileRef = E29FFCA91A5E7EBC004273BE /* MKAboutUs.m */; };
		E29FFCAD1A5E7ECE004273BE /* MKBusinessCooperation.m in Sources */ = {isa = PBXBuildFile; fileRef = E29FFCAC1A5E7ECE004273BE /* MKBusinessCooperation.m */; };
		E2B644031A77336B00909745 /* share1@2x.png in Resources */ = {isa = PBXBuildFile; fileRef = E2B644011A77336B00909745 /* share1@2x.png */; };
		E2B644041A77336B00909745 /* share2@2x.png in Resources */ = {isa = PBXBuildFile; fileRef = E2B644021A77336B00909745 /* share2@2x.png */; };
/* End PBXBuildFile section */

/* Begin PBXContainerItemProxy section */
		4BCF0CC21A50F95A00A2FF5D /* PBXContainerItemProxy */ = {
			isa = PBXContainerItemProxy;
			containerPortal = 4BCF0CA01A50F95900A2FF5D /* Project object */;
			proxyType = 1;
			remoteGlobalIDString = 4BCF0CA71A50F95900A2FF5D;
			remoteInfo = Mike;
		};
/* End PBXContainerItemProxy section */

/* Begin PBXFileReference section */
		4B040BD11A5939A100DF859F /* MKDataController.h */ = {isa = PBXFileReference; fileEncoding = 4; lastKnownFileType = sourcecode.c.h; path = MKDataController.h; sourceTree = "<group>"; };
		4B040BD21A5939A100DF859F /* MKDataController.m */ = {isa = PBXFileReference; fileEncoding = 4; lastKnownFileType = sourcecode.c.objc; path = MKDataController.m; sourceTree = "<group>"; };
		4B040BD61A59468000DF859F /* MKDBManager.h */ = {isa = PBXFileReference; fileEncoding = 4; lastKnownFileType = sourcecode.c.h; path = MKDBManager.h; sourceTree = "<group>"; };
		4B040BD71A59468000DF859F /* MKDBManager.m */ = {isa = PBXFileReference; fileEncoding = 4; lastKnownFileType = sourcecode.c.objc; path = MKDBManager.m; sourceTree = "<group>"; };
		4B040BD91A59474400DF859F /* libsqlite3.dylib */ = {isa = PBXFileReference; lastKnownFileType = "compiled.mach-o.dylib"; name = libsqlite3.dylib; path = usr/lib/libsqlite3.dylib; sourceTree = SDKROOT; };
		4B040BDB1A59482100DF859F /* MKRecord.h */ = {isa = PBXFileReference; fileEncoding = 4; lastKnownFileType = sourcecode.c.h; path = MKRecord.h; sourceTree = "<group>"; };
		4B040BDC1A59482100DF859F /* MKRecord.m */ = {isa = PBXFileReference; fileEncoding = 4; lastKnownFileType = sourcecode.c.objc; path = MKRecord.m; sourceTree = "<group>"; };
		4B097F401A762333008EA48A /* MKModifyViewController.h */ = {isa = PBXFileReference; fileEncoding = 4; lastKnownFileType = sourcecode.c.h; path = MKModifyViewController.h; sourceTree = "<group>"; };
		4B097F411A762333008EA48A /* MKModifyViewController.m */ = {isa = PBXFileReference; fileEncoding = 4; lastKnownFileType = sourcecode.c.objc; path = MKModifyViewController.m; sourceTree = "<group>"; };
		4B0E54551A773A010014B8BF /* UICountingLabel.h */ = {isa = PBXFileReference; fileEncoding = 4; lastKnownFileType = sourcecode.c.h; path = UICountingLabel.h; sourceTree = "<group>"; };
		4B0E54561A773A010014B8BF /* UICountingLabel.m */ = {isa = PBXFileReference; fileEncoding = 4; lastKnownFileType = sourcecode.c.objc; path = UICountingLabel.m; sourceTree = "<group>"; };
		4B0ED2541A7A0F3500D3F2D1 /* en */ = {isa = PBXFileReference; lastKnownFileType = text.plist.strings; name = en; path = en.lproj/UMSocialLocalizable.strings; sourceTree = "<group>"; };
		4B0ED2561A7A0F3500D3F2D1 /* UMSocial.h */ = {isa = PBXFileReference; fileEncoding = 4; lastKnownFileType = sourcecode.c.h; path = UMSocial.h; sourceTree = "<group>"; };
		4B0ED2571A7A0F3500D3F2D1 /* UMSocialAccountManager.h */ = {isa = PBXFileReference; fileEncoding = 4; lastKnownFileType = sourcecode.c.h; path = UMSocialAccountManager.h; sourceTree = "<group>"; };
		4B0ED2581A7A0F3500D3F2D1 /* UMSocialBar.h */ = {isa = PBXFileReference; fileEncoding = 4; lastKnownFileType = sourcecode.c.h; path = UMSocialBar.h; sourceTree = "<group>"; };
		4B0ED2591A7A0F3500D3F2D1 /* UMSocialConfig.h */ = {isa = PBXFileReference; fileEncoding = 4; lastKnownFileType = sourcecode.c.h; path = UMSocialConfig.h; sourceTree = "<group>"; };
		4B0ED25A1A7A0F3500D3F2D1 /* UMSocialControllerService.h */ = {isa = PBXFileReference; fileEncoding = 4; lastKnownFileType = sourcecode.c.h; path = UMSocialControllerService.h; sourceTree = "<group>"; };
		4B0ED25B1A7A0F3500D3F2D1 /* UMSocialControllerServiceComment.h */ = {isa = PBXFileReference; fileEncoding = 4; lastKnownFileType = sourcecode.c.h; path = UMSocialControllerServiceComment.h; sourceTree = "<group>"; };
		4B0ED25C1A7A0F3500D3F2D1 /* UMSocialData.h */ = {isa = PBXFileReference; fileEncoding = 4; lastKnownFileType = sourcecode.c.h; path = UMSocialData.h; sourceTree = "<group>"; };
		4B0ED25D1A7A0F3500D3F2D1 /* UMSocialDataService.h */ = {isa = PBXFileReference; fileEncoding = 4; lastKnownFileType = sourcecode.c.h; path = UMSocialDataService.h; sourceTree = "<group>"; };
		4B0ED25E1A7A0F3500D3F2D1 /* UMSocialSnsData.h */ = {isa = PBXFileReference; fileEncoding = 4; lastKnownFileType = sourcecode.c.h; path = UMSocialSnsData.h; sourceTree = "<group>"; };
		4B0ED25F1A7A0F3500D3F2D1 /* UMSocialSnsPlatformManager.h */ = {isa = PBXFileReference; fileEncoding = 4; lastKnownFileType = sourcecode.c.h; path = UMSocialSnsPlatformManager.h; sourceTree = "<group>"; };
		4B0ED2601A7A0F3500D3F2D1 /* UMSocialSnsService.h */ = {isa = PBXFileReference; fileEncoding = 4; lastKnownFileType = sourcecode.c.h; path = UMSocialSnsService.h; sourceTree = "<group>"; };
		4B0ED2611A7A0F3500D3F2D1 /* libUMSocial_Sdk_4.2.1.a */ = {isa = PBXFileReference; lastKnownFileType = archive.ar; path = libUMSocial_Sdk_4.2.1.a; sourceTree = "<group>"; };
		4B0ED2631A7A0F3500D3F2D1 /* UMSCommentDetailController.xib */ = {isa = PBXFileReference; fileEncoding = 4; lastKnownFileType = file.xib; path = UMSCommentDetailController.xib; sourceTree = "<group>"; };
		4B0ED2641A7A0F3500D3F2D1 /* UMSCommentInputController.xib */ = {isa = PBXFileReference; fileEncoding = 4; lastKnownFileType = file.xib; path = UMSCommentInputController.xib; sourceTree = "<group>"; };
		4B0ED2651A7A0F3500D3F2D1 /* UMSCommentInputControlleriPad.xib */ = {isa = PBXFileReference; fileEncoding = 4; lastKnownFileType = file.xib; path = UMSCommentInputControlleriPad.xib; sourceTree = "<group>"; };
		4B0ED2661A7A0F3500D3F2D1 /* UMShareEditViewController.xib */ = {isa = PBXFileReference; fileEncoding = 4; lastKnownFileType = file.xib; path = UMShareEditViewController.xib; sourceTree = "<group>"; };
		4B0ED2671A7A0F3500D3F2D1 /* UMShareEditViewControlleriPad.xib */ = {isa = PBXFileReference; fileEncoding = 4; lastKnownFileType = file.xib; path = UMShareEditViewControlleriPad.xib; sourceTree = "<group>"; };
		4B0ED2681A7A0F3500D3F2D1 /* UMSLoginViewController.xib */ = {isa = PBXFileReference; fileEncoding = 4; lastKnownFileType = file.xib; path = UMSLoginViewController.xib; sourceTree = "<group>"; };
		4B0ED2691A7A0F3500D3F2D1 /* UMSnsAccountViewController.xib */ = {isa = PBXFileReference; fileEncoding = 4; lastKnownFileType = file.xib; path = UMSnsAccountViewController.xib; sourceTree = "<group>"; };
		4B0ED26A1A7A0F3500D3F2D1 /* UMSShareListController.xib */ = {isa = PBXFileReference; fileEncoding = 4; lastKnownFileType = file.xib; path = UMSShareListController.xib; sourceTree = "<group>"; };
		4B0ED26B1A7A0F3500D3F2D1 /* UMSocialSDKResourcesNew.bundle */ = {isa = PBXFileReference; lastKnownFileType = "wrapper.plug-in"; path = UMSocialSDKResourcesNew.bundle; sourceTree = "<group>"; };
		4B0ED26C1A7A0F3500D3F2D1 /* zh-Hans */ = {isa = PBXFileReference; lastKnownFileType = text.plist.strings; name = "zh-Hans"; path = "zh-Hans.lproj/UMSocialLocalizable.strings"; sourceTree = "<group>"; };
		4B0ED26F1A7A0F3500D3F2D1 /* libSocialSina.a */ = {isa = PBXFileReference; lastKnownFileType = archive.ar; path = libSocialSina.a; sourceTree = "<group>"; };
		4B0ED2701A7A0F3500D3F2D1 /* UMSocialSinaHandler.h */ = {isa = PBXFileReference; fileEncoding = 4; lastKnownFileType = sourcecode.c.h; path = UMSocialSinaHandler.h; sourceTree = "<group>"; };
		4B0ED2721A7A0F3500D3F2D1 /* libSocialWechat.a */ = {isa = PBXFileReference; lastKnownFileType = archive.ar; path = libSocialWechat.a; sourceTree = "<group>"; };
		4B0ED2731A7A0F3500D3F2D1 /* libWeChatSDK.a */ = {isa = PBXFileReference; lastKnownFileType = archive.ar; path = libWeChatSDK.a; sourceTree = "<group>"; };
		4B0ED2741A7A0F3500D3F2D1 /* UMSocialWechatHandler.h */ = {isa = PBXFileReference; fileEncoding = 4; lastKnownFileType = sourcecode.c.h; path = UMSocialWechatHandler.h; sourceTree = "<group>"; };
		4B0ED2751A7A0F3500D3F2D1 /* WXApi.h */ = {isa = PBXFileReference; fileEncoding = 4; lastKnownFileType = sourcecode.c.h; path = WXApi.h; sourceTree = "<group>"; };
		4B0ED2761A7A0F3500D3F2D1 /* WXApiObject.h */ = {isa = PBXFileReference; fileEncoding = 4; lastKnownFileType = sourcecode.c.h; path = WXApiObject.h; sourceTree = "<group>"; };
		4B374D891A5A60AE0026CFF4 /* MKDate.h */ = {isa = PBXFileReference; fileEncoding = 4; lastKnownFileType = sourcecode.c.h; path = MKDate.h; sourceTree = "<group>"; };
		4B374D8A1A5A60AE0026CFF4 /* MKDate.m */ = {isa = PBXFileReference; fileEncoding = 4; lastKnownFileType = sourcecode.c.objc; path = MKDate.m; sourceTree = "<group>"; };
		4B374D8C1A5A629B0026CFF4 /* MKRecordsViewController.h */ = {isa = PBXFileReference; fileEncoding = 4; lastKnownFileType = sourcecode.c.h; path = MKRecordsViewController.h; sourceTree = "<group>"; };
		4B374D8D1A5A629B0026CFF4 /* MKRecordsViewController.m */ = {isa = PBXFileReference; fileEncoding = 4; lastKnownFileType = sourcecode.c.objc; path = MKRecordsViewController.m; sourceTree = "<group>"; };
		4B3D3B1E1A5BEAD80069707C /* MKDataBase.sqlite */ = {isa = PBXFileReference; lastKnownFileType = file; path = MKDataBase.sqlite; sourceTree = "<group>"; };
		4B5782E01A539DB80085BEAE /* NavigationBarBackground.png */ = {isa = PBXFileReference; lastKnownFileType = image.png; path = NavigationBarBackground.png; sourceTree = "<group>"; };
		4B5782E21A53A0C20085BEAE /* MKTopView.h */ = {isa = PBXFileReference; fileEncoding = 4; lastKnownFileType = sourcecode.c.h; path = MKTopView.h; sourceTree = "<group>"; };
		4B5782E31A53A0C20085BEAE /* MKTopView.m */ = {isa = PBXFileReference; fileEncoding = 4; lastKnownFileType = sourcecode.c.objc; path = MKTopView.m; sourceTree = "<group>"; };
		4B91A68C1A61336600AAA9A9 /* zero@2x.png */ = {isa = PBXFileReference; lastKnownFileType = image.png; path = "zero@2x.png"; sourceTree = "<group>"; };
		4BA38C971A63704E009D25A0 /* MKPopView.h */ = {isa = PBXFileReference; fileEncoding = 4; lastKnownFileType = sourcecode.c.h; path = MKPopView.h; sourceTree = "<group>"; };
		4BA38C981A63704E009D25A0 /* MKPopView.m */ = {isa = PBXFileReference; fileEncoding = 4; lastKnownFileType = sourcecode.c.objc; path = MKPopView.m; sourceTree = "<group>"; };
		4BA38C9B1A637095009D25A0 /* moments.png */ = {isa = PBXFileReference; lastKnownFileType = image.png; path = moments.png; sourceTree = "<group>"; };
		4BA38C9C1A637095009D25A0 /* sinaIcon.png */ = {isa = PBXFileReference; lastKnownFileType = image.png; path = sinaIcon.png; sourceTree = "<group>"; };
		4BA38C9F1A63E920009D25A0 /* MKTouchableView.h */ = {isa = PBXFileReference; fileEncoding = 4; lastKnownFileType = sourcecode.c.h; path = MKTouchableView.h; sourceTree = "<group>"; };
		4BA38CA01A63E920009D25A0 /* MKTouchableView.m */ = {isa = PBXFileReference; fileEncoding = 4; lastKnownFileType = sourcecode.c.objc; path = MKTouchableView.m; sourceTree = "<group>"; };
		4BC06A1D1A5252D700D62B3C /* bottle@2x.png */ = {isa = PBXFileReference; lastKnownFileType = image.png; path = "bottle@2x.png"; sourceTree = "<group>"; };
		4BC06A1E1A5252D700D62B3C /* more@2x.png */ = {isa = PBXFileReference; lastKnownFileType = image.png; path = "more@2x.png"; sourceTree = "<group>"; };
		4BC06A1F1A5252D700D62B3C /* add@2x.png */ = {isa = PBXFileReference; lastKnownFileType = image.png; path = "add@2x.png"; sourceTree = "<group>"; };
		4BC06A201A5252D700D62B3C /* setting@2x.png */ = {isa = PBXFileReference; lastKnownFileType = image.png; path = "setting@2x.png"; sourceTree = "<group>"; };
		4BC06A261A52756600D62B3C /* MKSettingViewController.h */ = {isa = PBXFileReference; fileEncoding = 4; lastKnownFileType = sourcecode.c.h; path = MKSettingViewController.h; sourceTree = "<group>"; };
		4BC06A271A52756600D62B3C /* MKSettingViewController.m */ = {isa = PBXFileReference; fileEncoding = 4; lastKnownFileType = sourcecode.c.objc; path = MKSettingViewController.m; sourceTree = "<group>"; };
		4BC06A291A527E2D00D62B3C /* MKCommon.h */ = {isa = PBXFileReference; fileEncoding = 4; lastKnownFileType = sourcecode.c.h; path = MKCommon.h; sourceTree = "<group>"; };
		4BC06A2A1A527FF600D62B3C /* MKAddViewController.h */ = {isa = PBXFileReference; fileEncoding = 4; lastKnownFileType = sourcecode.c.h; path = MKAddViewController.h; sourceTree = "<group>"; };
		4BC06A2B1A527FF600D62B3C /* MKAddViewController.m */ = {isa = PBXFileReference; fileEncoding = 4; lastKnownFileType = sourcecode.c.objc; path = MKAddViewController.m; sourceTree = "<group>"; };
		4BCF0CA81A50F95900A2FF5D /* Mike.app */ = {isa = PBXFileReference; explicitFileType = wrapper.application; includeInIndex = 0; path = Mike.app; sourceTree = BUILT_PRODUCTS_DIR; };
		4BCF0CAC1A50F95900A2FF5D /* Info.plist */ = {isa = PBXFileReference; lastKnownFileType = text.plist.xml; path = Info.plist; sourceTree = "<group>"; };
		4BCF0CAD1A50F95900A2FF5D /* main.m */ = {isa = PBXFileReference; lastKnownFileType = sourcecode.c.objc; path = main.m; sourceTree = "<group>"; };
		4BCF0CAF1A50F95900A2FF5D /* AppDelegate.h */ = {isa = PBXFileReference; lastKnownFileType = sourcecode.c.h; path = AppDelegate.h; sourceTree = "<group>"; };
		4BCF0CB01A50F95900A2FF5D /* AppDelegate.m */ = {isa = PBXFileReference; lastKnownFileType = sourcecode.c.objc; path = AppDelegate.m; sourceTree = "<group>"; };
		4BCF0CB81A50F95900A2FF5D /* Images.xcassets */ = {isa = PBXFileReference; lastKnownFileType = folder.assetcatalog; path = Images.xcassets; sourceTree = "<group>"; };
		4BCF0CC11A50F95A00A2FF5D /* MikeTests.xctest */ = {isa = PBXFileReference; explicitFileType = wrapper.cfbundle; includeInIndex = 0; path = MikeTests.xctest; sourceTree = BUILT_PRODUCTS_DIR; };
		4BCF0CC61A50F95A00A2FF5D /* Info.plist */ = {isa = PBXFileReference; lastKnownFileType = text.plist.xml; path = Info.plist; sourceTree = "<group>"; };
		4BCF0CC71A50F95A00A2FF5D /* MikeTests.m */ = {isa = PBXFileReference; lastKnownFileType = sourcecode.c.objc; path = MikeTests.m; sourceTree = "<group>"; };
		4BD18F991A51046200CC0F4D /* MKRootViewController.h */ = {isa = PBXFileReference; fileEncoding = 4; lastKnownFileType = sourcecode.c.h; path = MKRootViewController.h; sourceTree = "<group>"; };
		4BD18F9A1A51046200CC0F4D /* MKRootViewController.m */ = {isa = PBXFileReference; fileEncoding = 4; lastKnownFileType = sourcecode.c.objc; path = MKRootViewController.m; sourceTree = "<group>"; };
		4BD200001A7A5B4A00C16C7D /* ProgressHUD.m */ = {isa = PBXFileReference; fileEncoding = 4; lastKnownFileType = sourcecode.c.objc; path = ProgressHUD.m; sourceTree = "<group>"; };
		4BD2F4521A5A7FA00094AE5B /* MKMilkViewController.h */ = {isa = PBXFileReference; fileEncoding = 4; lastKnownFileType = sourcecode.c.h; path = MKMilkViewController.h; sourceTree = "<group>"; };
		4BD2F4531A5A7FA00094AE5B /* MKMilkViewController.m */ = {isa = PBXFileReference; fileEncoding = 4; lastKnownFileType = sourcecode.c.objc; path = MKMilkViewController.m; sourceTree = "<group>"; };
		4BD2FFFE1A7A5B4A00C16C7D /* ProgressHUD.bundle */ = {isa = PBXFileReference; lastKnownFileType = "wrapper.plug-in"; path = ProgressHUD.bundle; sourceTree = "<group>"; };
		4BD2FFFF1A7A5B4A00C16C7D /* ProgressHUD.h */ = {isa = PBXFileReference; fileEncoding = 4; lastKnownFileType = sourcecode.c.h; path = ProgressHUD.h; sourceTree = "<group>"; };
		4BE59E121A53CD35004CF8D9 /* MKChartTableViewCell.h */ = {isa = PBXFileReference; fileEncoding = 4; lastKnownFileType = sourcecode.c.h; path = MKChartTableViewCell.h; sourceTree = "<group>"; };
		4BE59E131A53CD35004CF8D9 /* MKChartTableViewCell.m */ = {isa = PBXFileReference; fileEncoding = 4; lastKnownFileType = sourcecode.c.objc; path = MKChartTableViewCell.m; sourceTree = "<group>"; };
		4BE59E151A53D3F2004CF8D9 /* 奶量条前景.png */ = {isa = PBXFileReference; lastKnownFileType = image.png; path = "奶量条前景.png"; sourceTree = "<group>"; };
		4BE59E161A53D3F2004CF8D9 /* chart@2x.png */ = {isa = PBXFileReference; lastKnownFileType = image.png; path = "chart@2x.png"; sourceTree = "<group>"; };
		4BE59E1C1A53F342004CF8D9 /* MKRecordTableViewCell.h */ = {isa = PBXFileReference; fileEncoding = 4; lastKnownFileType = sourcecode.c.h; path = MKRecordTableViewCell.h; sourceTree = "<group>"; };
		4BE59E1D1A53F342004CF8D9 /* MKRecordTableViewCell.m */ = {isa = PBXFileReference; fileEncoding = 4; lastKnownFileType = sourcecode.c.objc; path = MKRecordTableViewCell.m; sourceTree = "<group>"; };
		E2109BF81A5A43220031119C /* back.png */ = {isa = PBXFileReference; lastKnownFileType = image.png; path = back.png; sourceTree = "<group>"; };
		E21FCEA71A7B36C1004497AB /* BusinessCooperation.png */ = {isa = PBXFileReference; lastKnownFileType = image.png; path = BusinessCooperation.png; sourceTree = "<group>"; };
		E21FCED91A7B3CFB004497AB /* Base */ = {isa = PBXFileReference; lastKnownFileType = text.plist.strings; name = Base; path = Base.lproj/UMFeedbackLocalizable.strings; sourceTree = "<group>"; };
		E21FCEDA1A7B3CFB004497AB /* libUMFeedback.a */ = {isa = PBXFileReference; lastKnownFileType = archive.ar; path = libUMFeedback.a; sourceTree = "<group>"; };
		E21FCEDC1A7B3CFB004497AB /* bubble_min@2x.png */ = {isa = PBXFileReference; lastKnownFileType = image.png; path = "bubble_min@2x.png"; sourceTree = "<group>"; };
		E21FCEDD1A7B3CFB004497AB /* cancel@2x.png */ = {isa = PBXFileReference; lastKnownFileType = image.png; path = "cancel@2x.png"; sourceTree = "<group>"; };
		E21FCEDE1A7B3CFB004497AB /* microphone@2x.png */ = {isa = PBXFileReference; lastKnownFileType = image.png; path = "microphone@2x.png"; sourceTree = "<group>"; };
		E21FCEDF1A7B3CFB004497AB /* save@2x.png */ = {isa = PBXFileReference; lastKnownFileType = image.png; path = "save@2x.png"; sourceTree = "<group>"; };
		E21FCEE01A7B3CFB004497AB /* ToolViewInputText@2x.png */ = {isa = PBXFileReference; lastKnownFileType = image.png; path = "ToolViewInputText@2x.png"; sourceTree = "<group>"; };
		E21FCEE11A7B3CFB004497AB /* ToolViewInputTextHL@2x.png */ = {isa = PBXFileReference; lastKnownFileType = image.png; path = "ToolViewInputTextHL@2x.png"; sourceTree = "<group>"; };
		E21FCEE21A7B3CFB004497AB /* ToolViewInputVoice@2x.png */ = {isa = PBXFileReference; lastKnownFileType = image.png; path = "ToolViewInputVoice@2x.png"; sourceTree = "<group>"; };
		E21FCEE31A7B3CFB004497AB /* ToolViewInputVoiceHL@2x.png */ = {isa = PBXFileReference; lastKnownFileType = image.png; path = "ToolViewInputVoiceHL@2x.png"; sourceTree = "<group>"; };
		E21FCEE41A7B3CFB004497AB /* umeng_fb_audio_dialog_cancel@2x.png */ = {isa = PBXFileReference; lastKnownFileType = image.png; path = "umeng_fb_audio_dialog_cancel@2x.png"; sourceTree = "<group>"; };
		E21FCEE51A7B3CFB004497AB /* umeng_fb_audio_dialog_content@2x.png */ = {isa = PBXFileReference; lastKnownFileType = image.png; path = "umeng_fb_audio_dialog_content@2x.png"; sourceTree = "<group>"; };
		E21FCEE61A7B3CFB004497AB /* umeng_fb_audio_play_01@2x.png */ = {isa = PBXFileReference; lastKnownFileType = image.png; path = "umeng_fb_audio_play_01@2x.png"; sourceTree = "<group>"; };
		E21FCEE71A7B3CFB004497AB /* umeng_fb_audio_play_02@2x.png */ = {isa = PBXFileReference; lastKnownFileType = image.png; path = "umeng_fb_audio_play_02@2x.png"; sourceTree = "<group>"; };
		E21FCEE81A7B3CFB004497AB /* umeng_fb_audio_play_03@2x.png */ = {isa = PBXFileReference; lastKnownFileType = image.png; path = "umeng_fb_audio_play_03@2x.png"; sourceTree = "<group>"; };
		E21FCEE91A7B3CFB004497AB /* umeng_fb_audio_play_default@2x.png */ = {isa = PBXFileReference; lastKnownFileType = image.png; path = "umeng_fb_audio_play_default@2x.png"; sourceTree = "<group>"; };
		E21FCEEA1A7B3CFB004497AB /* UMFeedback.h */ = {isa = PBXFileReference; fileEncoding = 4; lastKnownFileType = sourcecode.c.h; path = UMFeedback.h; sourceTree = "<group>"; };
		E21FCEEC1A7B3CFB004497AB /* libUMOpus.a */ = {isa = PBXFileReference; lastKnownFileType = archive.ar; path = libUMOpus.a; sourceTree = "<group>"; };
		E21FCEED1A7B3CFB004497AB /* UMOpus.h */ = {isa = PBXFileReference; fileEncoding = 4; lastKnownFileType = sourcecode.c.h; path = UMOpus.h; sourceTree = "<group>"; };
		E21FCEEE1A7B3CFB004497AB /* UMRecorder.h */ = {isa = PBXFileReference; fileEncoding = 4; lastKnownFileType = sourcecode.c.h; path = UMRecorder.h; sourceTree = "<group>"; };
		E21FCEEF1A7B3CFB004497AB /* zh-Hans */ = {isa = PBXFileReference; lastKnownFileType = text.plist.strings; name = "zh-Hans"; path = "zh-Hans.lproj/UMFeedbackLocalizable.strings"; sourceTree = "<group>"; };
		E21FCF021A7B3EFB004497AB /* libUMessage_Sdk_1.1.0.a */ = {isa = PBXFileReference; lastKnownFileType = archive.ar; path = libUMessage_Sdk_1.1.0.a; sourceTree = "<group>"; };
		E21FCF031A7B3EFB004497AB /* UMessage.h */ = {isa = PBXFileReference; fileEncoding = 4; lastKnownFileType = sourcecode.c.h; path = UMessage.h; sourceTree = "<group>"; };
		E21FCF071A7B41B0004497AB /* AVFoundation.framework */ = {isa = PBXFileReference; lastKnownFileType = wrapper.framework; name = AVFoundation.framework; path = System/Library/Frameworks/AVFoundation.framework; sourceTree = SDKROOT; };
		E2815C441A5938A000916F43 /* 打分鼓励，给个评价！.png */ = {isa = PBXFileReference; lastKnownFileType = image.png; path = "打分鼓励，给个评价！.png"; sourceTree = "<group>"; };
		E2815C451A5938A000916F43 /* 导出数据.png */ = {isa = PBXFileReference; lastKnownFileType = image.png; path = "导出数据.png"; sourceTree = "<group>"; };
		E2815C461A5938A000916F43 /* 关于我们.png */ = {isa = PBXFileReference; lastKnownFileType = image.png; path = "关于我们.png"; sourceTree = "<group>"; };
		E2815C471A5938A000916F43 /* 商务合作.png */ = {isa = PBXFileReference; lastKnownFileType = image.png; path = "商务合作.png"; sourceTree = "<group>"; };
		E2815C481A5938A000916F43 /* 提醒设置.png */ = {isa = PBXFileReference; lastKnownFileType = image.png; path = "提醒设置.png"; sourceTree = "<group>"; };
		E2815C491A5938A000916F43 /* 推荐给朋友.png */ = {isa = PBXFileReference; lastKnownFileType = image.png; path = "推荐给朋友.png"; sourceTree = "<group>"; };
		E2815C4A1A5938A000916F43 /* 意见反馈.png */ = {isa = PBXFileReference; lastKnownFileType = image.png; path = "意见反馈.png"; sourceTree = "<group>"; };
		E2815C4B1A5938A000916F43 /* 应用推荐.png */ = {isa = PBXFileReference; lastKnownFileType = image.png; path = "应用推荐.png"; sourceTree = "<group>"; };
		E29FFCA81A5E7EBC004273BE /* MKAboutUs.h */ = {isa = PBXFileReference; fileEncoding = 4; lastKnownFileType = sourcecode.c.h; path = MKAboutUs.h; sourceTree = "<group>"; };
		E29FFCA91A5E7EBC004273BE /* MKAboutUs.m */ = {isa = PBXFileReference; fileEncoding = 4; lastKnownFileType = sourcecode.c.objc; path = MKAboutUs.m; sourceTree = "<group>"; };
		E29FFCAB1A5E7ECE004273BE /* MKBusinessCooperation.h */ = {isa = PBXFileReference; fileEncoding = 4; lastKnownFileType = sourcecode.c.h; path = MKBusinessCooperation.h; sourceTree = "<group>"; };
		E29FFCAC1A5E7ECE004273BE /* MKBusinessCooperation.m */ = {isa = PBXFileReference; fileEncoding = 4; lastKnownFileType = sourcecode.c.objc; path = MKBusinessCooperation.m; sourceTree = "<group>"; };
		E2B644011A77336B00909745 /* share1@2x.png */ = {isa = PBXFileReference; lastKnownFileType = image.png; path = "share1@2x.png"; sourceTree = "<group>"; };
		E2B644021A77336B00909745 /* share2@2x.png */ = {isa = PBXFileReference; lastKnownFileType = image.png; path = "share2@2x.png"; sourceTree = "<group>"; };
/* End PBXFileReference section */

/* Begin PBXFrameworksBuildPhase section */
		4BCF0CA51A50F95900A2FF5D /* Frameworks */ = {
			isa = PBXFrameworksBuildPhase;
			buildActionMask = 2147483647;
			files = (
				E21FCF081A7B41B0004497AB /* AVFoundation.framework in Frameworks */,
				E21FCF001A7B3CFB004497AB /* libUMOpus.a in Frameworks */,
				E21FCEF11A7B3CFB004497AB /* libUMFeedback.a in Frameworks */,
				4B040BDA1A59474400DF859F /* libsqlite3.dylib in Frameworks */,
				4B0ED2781A7A0F3500D3F2D1 /* libUMSocial_Sdk_4.2.1.a in Frameworks */,
				4B0ED2831A7A0F3500D3F2D1 /* libSocialWechat.a in Frameworks */,
				E21FCF041A7B3EFB004497AB /* libUMessage_Sdk_1.1.0.a in Frameworks */,
				4B0ED2821A7A0F3500D3F2D1 /* libSocialSina.a in Frameworks */,
				4B0ED2841A7A0F3600D3F2D1 /* libWeChatSDK.a in Frameworks */,
			);
			runOnlyForDeploymentPostprocessing = 0;
		};
		4BCF0CBE1A50F95A00A2FF5D /* Frameworks */ = {
			isa = PBXFrameworksBuildPhase;
			buildActionMask = 2147483647;
			files = (
			);
			runOnlyForDeploymentPostprocessing = 0;
		};
/* End PBXFrameworksBuildPhase section */

/* Begin PBXGroup section */
		4B0E54531A7739D10014B8BF /* Library */ = {
			isa = PBXGroup;
			children = (
				E21FCF011A7B3EFB004497AB /* UMessage_Sdk_1.1.0 */,
				E21FCED71A7B3CFB004497AB /* UMengFeedback_SDK_2.1 */,
				4BD2FFFD1A7A5B4A00C16C7D /* ProgressHUD */,
				4B0ED2521A7A0F3400D3F2D1 /* UMSocial_Sdk_4.2.1 */,
				4B0ED26D1A7A0F3500D3F2D1 /* UMSocial_Sdk_Extra_Frameworks */,
				4B0E54541A7739EA0014B8BF /* CountLabel */,
			);
			name = Library;
			sourceTree = "<group>";
		};
		4B0E54541A7739EA0014B8BF /* CountLabel */ = {
			isa = PBXGroup;
			children = (
				4B0E54551A773A010014B8BF /* UICountingLabel.h */,
				4B0E54561A773A010014B8BF /* UICountingLabel.m */,
			);
			name = CountLabel;
			sourceTree = "<group>";
		};
		4B0ED2521A7A0F3400D3F2D1 /* UMSocial_Sdk_4.2.1 */ = {
			isa = PBXGroup;
			children = (
				4B0ED2531A7A0F3500D3F2D1 /* UMSocialLocalizable.strings */,
				4B0ED2551A7A0F3500D3F2D1 /* Header */,
				4B0ED2611A7A0F3500D3F2D1 /* libUMSocial_Sdk_4.2.1.a */,
				4B0ED2621A7A0F3500D3F2D1 /* SocialSDKXib */,
				4B0ED26B1A7A0F3500D3F2D1 /* UMSocialSDKResourcesNew.bundle */,
			);
			path = UMSocial_Sdk_4.2.1;
			sourceTree = "<group>";
		};
		4B0ED2551A7A0F3500D3F2D1 /* Header */ = {
			isa = PBXGroup;
			children = (
				4B0ED2561A7A0F3500D3F2D1 /* UMSocial.h */,
				4B0ED2571A7A0F3500D3F2D1 /* UMSocialAccountManager.h */,
				4B0ED2581A7A0F3500D3F2D1 /* UMSocialBar.h */,
				4B0ED2591A7A0F3500D3F2D1 /* UMSocialConfig.h */,
				4B0ED25A1A7A0F3500D3F2D1 /* UMSocialControllerService.h */,
				4B0ED25B1A7A0F3500D3F2D1 /* UMSocialControllerServiceComment.h */,
				4B0ED25C1A7A0F3500D3F2D1 /* UMSocialData.h */,
				4B0ED25D1A7A0F3500D3F2D1 /* UMSocialDataService.h */,
				4B0ED25E1A7A0F3500D3F2D1 /* UMSocialSnsData.h */,
				4B0ED25F1A7A0F3500D3F2D1 /* UMSocialSnsPlatformManager.h */,
				4B0ED2601A7A0F3500D3F2D1 /* UMSocialSnsService.h */,
			);
			path = Header;
			sourceTree = "<group>";
		};
		4B0ED2621A7A0F3500D3F2D1 /* SocialSDKXib */ = {
			isa = PBXGroup;
			children = (
				4B0ED2631A7A0F3500D3F2D1 /* UMSCommentDetailController.xib */,
				4B0ED2641A7A0F3500D3F2D1 /* UMSCommentInputController.xib */,
				4B0ED2651A7A0F3500D3F2D1 /* UMSCommentInputControlleriPad.xib */,
				4B0ED2661A7A0F3500D3F2D1 /* UMShareEditViewController.xib */,
				4B0ED2671A7A0F3500D3F2D1 /* UMShareEditViewControlleriPad.xib */,
				4B0ED2681A7A0F3500D3F2D1 /* UMSLoginViewController.xib */,
				4B0ED2691A7A0F3500D3F2D1 /* UMSnsAccountViewController.xib */,
				4B0ED26A1A7A0F3500D3F2D1 /* UMSShareListController.xib */,
			);
			path = SocialSDKXib;
			sourceTree = "<group>";
		};
		4B0ED26D1A7A0F3500D3F2D1 /* UMSocial_Sdk_Extra_Frameworks */ = {
			isa = PBXGroup;
			children = (
				4B0ED26E1A7A0F3500D3F2D1 /* Sina */,
				4B0ED2711A7A0F3500D3F2D1 /* Wechat */,
			);
			path = UMSocial_Sdk_Extra_Frameworks;
			sourceTree = "<group>";
		};
		4B0ED26E1A7A0F3500D3F2D1 /* Sina */ = {
			isa = PBXGroup;
			children = (
				4B0ED26F1A7A0F3500D3F2D1 /* libSocialSina.a */,
				4B0ED2701A7A0F3500D3F2D1 /* UMSocialSinaHandler.h */,
			);
			path = Sina;
			sourceTree = "<group>";
		};
		4B0ED2711A7A0F3500D3F2D1 /* Wechat */ = {
			isa = PBXGroup;
			children = (
				4B0ED2721A7A0F3500D3F2D1 /* libSocialWechat.a */,
				4B0ED2731A7A0F3500D3F2D1 /* libWeChatSDK.a */,
				4B0ED2741A7A0F3500D3F2D1 /* UMSocialWechatHandler.h */,
				4B0ED2751A7A0F3500D3F2D1 /* WXApi.h */,
				4B0ED2761A7A0F3500D3F2D1 /* WXApiObject.h */,
			);
			path = Wechat;
			sourceTree = "<group>";
		};
		4B374D9B1A5A75B90026CFF4 /* DataModel */ = {
			isa = PBXGroup;
			children = (
				4B040BDB1A59482100DF859F /* MKRecord.h */,
				4B040BDC1A59482100DF859F /* MKRecord.m */,
				4B374D891A5A60AE0026CFF4 /* MKDate.h */,
				4B374D8A1A5A60AE0026CFF4 /* MKDate.m */,
			);
			name = DataModel;
			sourceTree = "<group>";
		};
		4B374D9C1A5A75D40026CFF4 /* DataController */ = {
			isa = PBXGroup;
			children = (
				4B040BD11A5939A100DF859F /* MKDataController.h */,
				4B040BD21A5939A100DF859F /* MKDataController.m */,
				4B040BD61A59468000DF859F /* MKDBManager.h */,
				4B040BD71A59468000DF859F /* MKDBManager.m */,
			);
			name = DataController;
			sourceTree = "<group>";
		};
		4B374D9D1A5A75F20026CFF4 /* Views */ = {
			isa = PBXGroup;
			children = (
				4BA38C971A63704E009D25A0 /* MKPopView.h */,
				4BA38C981A63704E009D25A0 /* MKPopView.m */,
				4B5782E21A53A0C20085BEAE /* MKTopView.h */,
				4B5782E31A53A0C20085BEAE /* MKTopView.m */,
				4BE59E121A53CD35004CF8D9 /* MKChartTableViewCell.h */,
				4BE59E131A53CD35004CF8D9 /* MKChartTableViewCell.m */,
				4BE59E1C1A53F342004CF8D9 /* MKRecordTableViewCell.h */,
				4BE59E1D1A53F342004CF8D9 /* MKRecordTableViewCell.m */,
				4BA38C9F1A63E920009D25A0 /* MKTouchableView.h */,
				4BA38CA01A63E920009D25A0 /* MKTouchableView.m */,
			);
			name = Views;
			sourceTree = "<group>";
		};
		4BA38C9A1A637089009D25A0 /* share */ = {
			isa = PBXGroup;
			children = (
				4BA38C9B1A637095009D25A0 /* moments.png */,
				4BA38C9C1A637095009D25A0 /* sinaIcon.png */,
			);
			name = share;
			sourceTree = "<group>";
		};
		4BC06A1B1A5252B300D62B3C /* images */ = {
			isa = PBXGroup;
			children = (
				4BA38C9A1A637089009D25A0 /* share */,
				4B91A68C1A61336600AAA9A9 /* zero@2x.png */,
				E2109BF81A5A43220031119C /* back.png */,
				E21FCEA71A7B36C1004497AB /* BusinessCooperation.png */,
				E2815C441A5938A000916F43 /* 打分鼓励，给个评价！.png */,
				E2815C451A5938A000916F43 /* 导出数据.png */,
				E2815C461A5938A000916F43 /* 关于我们.png */,
				E2815C471A5938A000916F43 /* 商务合作.png */,
				E2815C481A5938A000916F43 /* 提醒设置.png */,
				E2815C491A5938A000916F43 /* 推荐给朋友.png */,
				E2815C4A1A5938A000916F43 /* 意见反馈.png */,
				E2815C4B1A5938A000916F43 /* 应用推荐.png */,
				4BE59E151A53D3F2004CF8D9 /* 奶量条前景.png */,
				4BE59E161A53D3F2004CF8D9 /* chart@2x.png */,
				4B5782E01A539DB80085BEAE /* NavigationBarBackground.png */,
				E2B644011A77336B00909745 /* share1@2x.png */,
				E2B644021A77336B00909745 /* share2@2x.png */,
				4BC06A1D1A5252D700D62B3C /* bottle@2x.png */,
				4BC06A1E1A5252D700D62B3C /* more@2x.png */,
				4BC06A1F1A5252D700D62B3C /* add@2x.png */,
				4BC06A201A5252D700D62B3C /* setting@2x.png */,
			);
			name = images;
			sourceTree = "<group>";
		};
		4BCF0C9F1A50F95900A2FF5D = {
			isa = PBXGroup;
			children = (
				E21FCF071A7B41B0004497AB /* AVFoundation.framework */,
				4B040BD91A59474400DF859F /* libsqlite3.dylib */,
				4BCF0CAA1A50F95900A2FF5D /* Mike */,
				4BCF0CC41A50F95A00A2FF5D /* MikeTests */,
				4BCF0CA91A50F95900A2FF5D /* Products */,
			);
			sourceTree = "<group>";
		};
		4BCF0CA91A50F95900A2FF5D /* Products */ = {
			isa = PBXGroup;
			children = (
				4BCF0CA81A50F95900A2FF5D /* Mike.app */,
				4BCF0CC11A50F95A00A2FF5D /* MikeTests.xctest */,
			);
			name = Products;
			sourceTree = "<group>";
		};
		4BCF0CAA1A50F95900A2FF5D /* Mike */ = {
			isa = PBXGroup;
			children = (
				4B0E54531A7739D10014B8BF /* Library */,
				4B374D9D1A5A75F20026CFF4 /* Views */,
				4B374D9C1A5A75D40026CFF4 /* DataController */,
				4B374D9B1A5A75B90026CFF4 /* DataModel */,
				4BC06A291A527E2D00D62B3C /* MKCommon.h */,
				4BCF0CAF1A50F95900A2FF5D /* AppDelegate.h */,
				4BCF0CB01A50F95900A2FF5D /* AppDelegate.m */,
				4BCF0CB81A50F95900A2FF5D /* Images.xcassets */,
				4BCF0CAB1A50F95900A2FF5D /* Supporting Files */,
				4BD18F991A51046200CC0F4D /* MKRootViewController.h */,
				4BD18F9A1A51046200CC0F4D /* MKRootViewController.m */,
				4BC06A261A52756600D62B3C /* MKSettingViewController.h */,
				4BC06A271A52756600D62B3C /* MKSettingViewController.m */,
				4BC06A2A1A527FF600D62B3C /* MKAddViewController.h */,
				4BC06A2B1A527FF600D62B3C /* MKAddViewController.m */,
				4B374D8C1A5A629B0026CFF4 /* MKRecordsViewController.h */,
				4B374D8D1A5A629B0026CFF4 /* MKRecordsViewController.m */,
				4BD2F4521A5A7FA00094AE5B /* MKMilkViewController.h */,
				4BD2F4531A5A7FA00094AE5B /* MKMilkViewController.m */,
				E29FFCA81A5E7EBC004273BE /* MKAboutUs.h */,
				E29FFCA91A5E7EBC004273BE /* MKAboutUs.m */,
				E29FFCAB1A5E7ECE004273BE /* MKBusinessCooperation.h */,
				E29FFCAC1A5E7ECE004273BE /* MKBusinessCooperation.m */,
				4B097F401A762333008EA48A /* MKModifyViewController.h */,
				4B097F411A762333008EA48A /* MKModifyViewController.m */,
			);
			path = Mike;
			sourceTree = "<group>";
		};
		4BCF0CAB1A50F95900A2FF5D /* Supporting Files */ = {
			isa = PBXGroup;
			children = (
				4B3D3B1E1A5BEAD80069707C /* MKDataBase.sqlite */,
				4BC06A1B1A5252B300D62B3C /* images */,
				4BCF0CAC1A50F95900A2FF5D /* Info.plist */,
				4BCF0CAD1A50F95900A2FF5D /* main.m */,
			);
			name = "Supporting Files";
			sourceTree = "<group>";
		};
		4BCF0CC41A50F95A00A2FF5D /* MikeTests */ = {
			isa = PBXGroup;
			children = (
				4BCF0CC71A50F95A00A2FF5D /* MikeTests.m */,
				4BCF0CC51A50F95A00A2FF5D /* Supporting Files */,
			);
			path = MikeTests;
			sourceTree = "<group>";
		};
		4BCF0CC51A50F95A00A2FF5D /* Supporting Files */ = {
			isa = PBXGroup;
			children = (
				4BCF0CC61A50F95A00A2FF5D /* Info.plist */,
			);
			name = "Supporting Files";
			sourceTree = "<group>";
		};
		4BD2FFFD1A7A5B4A00C16C7D /* ProgressHUD */ = {
			isa = PBXGroup;
			children = (
				4BD2FFFE1A7A5B4A00C16C7D /* ProgressHUD.bundle */,
				4BD2FFFF1A7A5B4A00C16C7D /* ProgressHUD.h */,
				4BD200001A7A5B4A00C16C7D /* ProgressHUD.m */,
			);
			path = ProgressHUD;
			sourceTree = "<group>";
		};
		E21FCED71A7B3CFB004497AB /* UMengFeedback_SDK_2.1 */ = {
			isa = PBXGroup;
			children = (
				E21FCED81A7B3CFB004497AB /* UMFeedbackLocalizable.strings */,
				E21FCEDA1A7B3CFB004497AB /* libUMFeedback.a */,
				E21FCEDB1A7B3CFB004497AB /* Resources */,
				E21FCEEA1A7B3CFB004497AB /* UMFeedback.h */,
				E21FCEEB1A7B3CFB004497AB /* UMOpus */,
				E21FCEEE1A7B3CFB004497AB /* UMRecorder.h */,
			);
			path = UMengFeedback_SDK_2.1;
			sourceTree = "<group>";
		};
		E21FCEDB1A7B3CFB004497AB /* Resources */ = {
			isa = PBXGroup;
			children = (
				E21FCEDC1A7B3CFB004497AB /* bubble_min@2x.png */,
				E21FCEDD1A7B3CFB004497AB /* cancel@2x.png */,
				E21FCEDE1A7B3CFB004497AB /* microphone@2x.png */,
				E21FCEDF1A7B3CFB004497AB /* save@2x.png */,
				E21FCEE01A7B3CFB004497AB /* ToolViewInputText@2x.png */,
				E21FCEE11A7B3CFB004497AB /* ToolViewInputTextHL@2x.png */,
				E21FCEE21A7B3CFB004497AB /* ToolViewInputVoice@2x.png */,
				E21FCEE31A7B3CFB004497AB /* ToolViewInputVoiceHL@2x.png */,
				E21FCEE41A7B3CFB004497AB /* umeng_fb_audio_dialog_cancel@2x.png */,
				E21FCEE51A7B3CFB004497AB /* umeng_fb_audio_dialog_content@2x.png */,
				E21FCEE61A7B3CFB004497AB /* umeng_fb_audio_play_01@2x.png */,
				E21FCEE71A7B3CFB004497AB /* umeng_fb_audio_play_02@2x.png */,
				E21FCEE81A7B3CFB004497AB /* umeng_fb_audio_play_03@2x.png */,
				E21FCEE91A7B3CFB004497AB /* umeng_fb_audio_play_default@2x.png */,
			);
			path = Resources;
			sourceTree = "<group>";
		};
		E21FCEEB1A7B3CFB004497AB /* UMOpus */ = {
			isa = PBXGroup;
			children = (
				E21FCEEC1A7B3CFB004497AB /* libUMOpus.a */,
				E21FCEED1A7B3CFB004497AB /* UMOpus.h */,
			);
			path = UMOpus;
			sourceTree = "<group>";
		};
		E21FCF011A7B3EFB004497AB /* UMessage_Sdk_1.1.0 */ = {
			isa = PBXGroup;
			children = (
				E21FCF021A7B3EFB004497AB /* libUMessage_Sdk_1.1.0.a */,
				E21FCF031A7B3EFB004497AB /* UMessage.h */,
			);
			path = UMessage_Sdk_1.1.0;
			sourceTree = "<group>";
		};
/* End PBXGroup section */

/* Begin PBXNativeTarget section */
		4BCF0CA71A50F95900A2FF5D /* Mike */ = {
			isa = PBXNativeTarget;
			buildConfigurationList = 4BCF0CCB1A50F95A00A2FF5D /* Build configuration list for PBXNativeTarget "Mike" */;
			buildPhases = (
				4BCF0CA41A50F95900A2FF5D /* Sources */,
				4BCF0CA51A50F95900A2FF5D /* Frameworks */,
				4BCF0CA61A50F95900A2FF5D /* Resources */,
			);
			buildRules = (
			);
			dependencies = (
			);
			name = Mike;
			productName = Mike;
			productReference = 4BCF0CA81A50F95900A2FF5D /* Mike.app */;
			productType = "com.apple.product-type.application";
		};
		4BCF0CC01A50F95A00A2FF5D /* MikeTests */ = {
			isa = PBXNativeTarget;
			buildConfigurationList = 4BCF0CCE1A50F95A00A2FF5D /* Build configuration list for PBXNativeTarget "MikeTests" */;
			buildPhases = (
				4BCF0CBD1A50F95A00A2FF5D /* Sources */,
				4BCF0CBE1A50F95A00A2FF5D /* Frameworks */,
				4BCF0CBF1A50F95A00A2FF5D /* Resources */,
			);
			buildRules = (
			);
			dependencies = (
				4BCF0CC31A50F95A00A2FF5D /* PBXTargetDependency */,
			);
			name = MikeTests;
			productName = MikeTests;
			productReference = 4BCF0CC11A50F95A00A2FF5D /* MikeTests.xctest */;
			productType = "com.apple.product-type.bundle.unit-test";
		};
/* End PBXNativeTarget section */

/* Begin PBXProject section */
		4BCF0CA01A50F95900A2FF5D /* Project object */ = {
			isa = PBXProject;
			attributes = {
				LastUpgradeCheck = 0610;
				ORGANIZATIONNAME = "zhang kai";
				TargetAttributes = {
					4BCF0CA71A50F95900A2FF5D = {
						CreatedOnToolsVersion = 6.1.1;
					};
					4BCF0CC01A50F95A00A2FF5D = {
						CreatedOnToolsVersion = 6.1.1;
						TestTargetID = 4BCF0CA71A50F95900A2FF5D;
					};
				};
			};
			buildConfigurationList = 4BCF0CA31A50F95900A2FF5D /* Build configuration list for PBXProject "Mike" */;
			compatibilityVersion = "Xcode 3.2";
			developmentRegion = English;
			hasScannedForEncodings = 0;
			knownRegions = (
				en,
				Base,
				"zh-Hans",
			);
			mainGroup = 4BCF0C9F1A50F95900A2FF5D;
			productRefGroup = 4BCF0CA91A50F95900A2FF5D /* Products */;
			projectDirPath = "";
			projectRoot = "";
			targets = (
				4BCF0CA71A50F95900A2FF5D /* Mike */,
				4BCF0CC01A50F95A00A2FF5D /* MikeTests */,
			);
		};
/* End PBXProject section */

/* Begin PBXResourcesBuildPhase section */
		4BCF0CA61A50F95900A2FF5D /* Resources */ = {
			isa = PBXResourcesBuildPhase;
			buildActionMask = 2147483647;
			files = (
				4B0ED27C1A7A0F3500D3F2D1 /* UMShareEditViewController.xib in Resources */,
				E21FCEF71A7B3CFB004497AB /* ToolViewInputTextHL@2x.png in Resources */,
				4B91A68D1A61336600AAA9A9 /* zero@2x.png in Resources */,
				E21FCEA81A7B36C1004497AB /* BusinessCooperation.png in Resources */,
				4B0ED2791A7A0F3500D3F2D1 /* UMSCommentDetailController.xib in Resources */,
				4B5782E11A539DB80085BEAE /* NavigationBarBackground.png in Resources */,
				E21FCEF41A7B3CFB004497AB /* microphone@2x.png in Resources */,
				4B0ED2771A7A0F3500D3F2D1 /* UMSocialLocalizable.strings in Resources */,
				4BC06A241A5252D700D62B3C /* add@2x.png in Resources */,
				E2B644031A77336B00909745 /* share1@2x.png in Resources */,
				E2815C531A5938A000916F43 /* 应用推荐.png in Resources */,
				E2815C521A5938A000916F43 /* 意见反馈.png in Resources */,
				4B0ED27A1A7A0F3500D3F2D1 /* UMSCommentInputController.xib in Resources */,
				E2B644041A77336B00909745 /* share2@2x.png in Resources */,
				E21FCEF81A7B3CFB004497AB /* ToolViewInputVoice@2x.png in Resources */,
				4B0ED27F1A7A0F3500D3F2D1 /* UMSnsAccountViewController.xib in Resources */,
				4B3D3B1F1A5BEAD80069707C /* MKDataBase.sqlite in Resources */,
				E2815C4C1A5938A000916F43 /* 打分鼓励，给个评价！.png in Resources */,
				E21FCEFF1A7B3CFB004497AB /* umeng_fb_audio_play_default@2x.png in Resources */,
				E21FCEFE1A7B3CFB004497AB /* umeng_fb_audio_play_03@2x.png in Resources */,
				4BCF0CB91A50F95900A2FF5D /* Images.xcassets in Resources */,
				E21FCEF31A7B3CFB004497AB /* cancel@2x.png in Resources */,
				E21FCEFD1A7B3CFB004497AB /* umeng_fb_audio_play_02@2x.png in Resources */,
				4B0ED27E1A7A0F3500D3F2D1 /* UMSLoginViewController.xib in Resources */,
				E2815C4E1A5938A000916F43 /* 关于我们.png in Resources */,
				E21FCEF61A7B3CFB004497AB /* ToolViewInputText@2x.png in Resources */,
				4BE59E181A53D3F2004CF8D9 /* chart@2x.png in Resources */,
				4B0ED2811A7A0F3500D3F2D1 /* UMSocialSDKResourcesNew.bundle in Resources */,
				4BC06A251A5252D700D62B3C /* setting@2x.png in Resources */,
				E21FCEF51A7B3CFB004497AB /* save@2x.png in Resources */,
				E21FCEF91A7B3CFB004497AB /* ToolViewInputVoiceHL@2x.png in Resources */,
				4B0ED2801A7A0F3500D3F2D1 /* UMSShareListController.xib in Resources */,
				E2815C4F1A5938A000916F43 /* 商务合作.png in Resources */,
				E21FCEF21A7B3CFB004497AB /* bubble_min@2x.png in Resources */,
				E21FCEFA1A7B3CFB004497AB /* umeng_fb_audio_dialog_cancel@2x.png in Resources */,
				4BA38C9E1A637095009D25A0 /* sinaIcon.png in Resources */,
				E2109BF91A5A43220031119C /* back.png in Resources */,
				4BC06A221A5252D700D62B3C /* bottle@2x.png in Resources */,
				E21FCEF01A7B3CFB004497AB /* UMFeedbackLocalizable.strings in Resources */,
				E2815C501A5938A000916F43 /* 提醒设置.png in Resources */,
				4BE59E171A53D3F2004CF8D9 /* 奶量条前景.png in Resources */,
				4BC06A231A5252D700D62B3C /* more@2x.png in Resources */,
				4B0ED27D1A7A0F3500D3F2D1 /* UMShareEditViewControlleriPad.xib in Resources */,
				4BA38C9D1A637095009D25A0 /* moments.png in Resources */,
				4BD200011A7A5B4A00C16C7D /* ProgressHUD.bundle in Resources */,
				E21FCEFB1A7B3CFB004497AB /* umeng_fb_audio_dialog_content@2x.png in Resources */,
				4B0ED27B1A7A0F3500D3F2D1 /* UMSCommentInputControlleriPad.xib in Resources */,
				E2815C4D1A5938A000916F43 /* 导出数据.png in Resources */,
				E21FCEFC1A7B3CFB004497AB /* umeng_fb_audio_play_01@2x.png in Resources */,
				E2815C511A5938A000916F43 /* 推荐给朋友.png in Resources */,
			);
			runOnlyForDeploymentPostprocessing = 0;
		};
		4BCF0CBF1A50F95A00A2FF5D /* Resources */ = {
			isa = PBXResourcesBuildPhase;
			buildActionMask = 2147483647;
			files = (
			);
			runOnlyForDeploymentPostprocessing = 0;
		};
/* End PBXResourcesBuildPhase section */

/* Begin PBXSourcesBuildPhase section */
		4BCF0CA41A50F95900A2FF5D /* Sources */ = {
			isa = PBXSourcesBuildPhase;
			buildActionMask = 2147483647;
			files = (
				4BD18F9B1A51046200CC0F4D /* MKRootViewController.m in Sources */,
				4BC06A2C1A527FF600D62B3C /* MKAddViewController.m in Sources */,
				4BC06A281A52756600D62B3C /* MKSettingViewController.m in Sources */,
				4BD200021A7A5B4A00C16C7D /* ProgressHUD.m in Sources */,
				E29FFCAA1A5E7EBC004273BE /* MKAboutUs.m in Sources */,
				4B097F421A762333008EA48A /* MKModifyViewController.m in Sources */,
				4BCF0CB11A50F95900A2FF5D /* AppDelegate.m in Sources */,
				4B040BD81A59468000DF859F /* MKDBManager.m in Sources */,
				4B5782E41A53A0C20085BEAE /* MKTopView.m in Sources */,
				4BE59E1E1A53F342004CF8D9 /* MKRecordTableViewCell.m in Sources */,
				4BA38CA11A63E920009D25A0 /* MKTouchableView.m in Sources */,
				4BCF0CAE1A50F95900A2FF5D /* main.m in Sources */,
				E29FFCAD1A5E7ECE004273BE /* MKBusinessCooperation.m in Sources */,
				4B040BD31A5939A200DF859F /* MKDataController.m in Sources */,
				4BA38C991A63704E009D25A0 /* MKPopView.m in Sources */,
				4B040BDD1A59482100DF859F /* MKRecord.m in Sources */,
				4BD2F4541A5A7FA00094AE5B /* MKMilkViewController.m in Sources */,
				4B374D8E1A5A629B0026CFF4 /* MKRecordsViewController.m in Sources */,
				4B0E54571A773A010014B8BF /* UICountingLabel.m in Sources */,
				4B374D8B1A5A60AE0026CFF4 /* MKDate.m in Sources */,
				4BE59E141A53CD35004CF8D9 /* MKChartTableViewCell.m in Sources */,
			);
			runOnlyForDeploymentPostprocessing = 0;
		};
		4BCF0CBD1A50F95A00A2FF5D /* Sources */ = {
			isa = PBXSourcesBuildPhase;
			buildActionMask = 2147483647;
			files = (
				4BCF0CC81A50F95A00A2FF5D /* MikeTests.m in Sources */,
			);
			runOnlyForDeploymentPostprocessing = 0;
		};
/* End PBXSourcesBuildPhase section */

/* Begin PBXTargetDependency section */
		4BCF0CC31A50F95A00A2FF5D /* PBXTargetDependency */ = {
			isa = PBXTargetDependency;
			target = 4BCF0CA71A50F95900A2FF5D /* Mike */;
			targetProxy = 4BCF0CC21A50F95A00A2FF5D /* PBXContainerItemProxy */;
		};
/* End PBXTargetDependency section */

/* Begin PBXVariantGroup section */
		4B0ED2531A7A0F3500D3F2D1 /* UMSocialLocalizable.strings */ = {
			isa = PBXVariantGroup;
			children = (
				4B0ED2541A7A0F3500D3F2D1 /* en */,
				4B0ED26C1A7A0F3500D3F2D1 /* zh-Hans */,
			);
			name = UMSocialLocalizable.strings;
			sourceTree = "<group>";
		};
		E21FCED81A7B3CFB004497AB /* UMFeedbackLocalizable.strings */ = {
			isa = PBXVariantGroup;
			children = (
				E21FCED91A7B3CFB004497AB /* Base */,
				E21FCEEF1A7B3CFB004497AB /* zh-Hans */,
			);
			name = UMFeedbackLocalizable.strings;
			sourceTree = "<group>";
		};
/* End PBXVariantGroup section */

/* Begin XCBuildConfiguration section */
		4BCF0CC91A50F95A00A2FF5D /* Debug */ = {
			isa = XCBuildConfiguration;
			buildSettings = {
				ALWAYS_SEARCH_USER_PATHS = NO;
				CLANG_CXX_LANGUAGE_STANDARD = "gnu++0x";
				CLANG_CXX_LIBRARY = "libc++";
				CLANG_ENABLE_MODULES = YES;
				CLANG_ENABLE_OBJC_ARC = YES;
				CLANG_WARN_BOOL_CONVERSION = YES;
				CLANG_WARN_CONSTANT_CONVERSION = YES;
				CLANG_WARN_DIRECT_OBJC_ISA_USAGE = YES_ERROR;
				CLANG_WARN_EMPTY_BODY = YES;
				CLANG_WARN_ENUM_CONVERSION = YES;
				CLANG_WARN_INT_CONVERSION = YES;
				CLANG_WARN_OBJC_ROOT_CLASS = YES_ERROR;
				CLANG_WARN_UNREACHABLE_CODE = YES;
				CLANG_WARN__DUPLICATE_METHOD_MATCH = YES;
				"CODE_SIGN_IDENTITY[sdk=iphoneos*]" = "iPhone Developer";
				COPY_PHASE_STRIP = NO;
				ENABLE_STRICT_OBJC_MSGSEND = YES;
				GCC_C_LANGUAGE_STANDARD = gnu99;
				GCC_DYNAMIC_NO_PIC = NO;
				GCC_OPTIMIZATION_LEVEL = 0;
				GCC_PREPROCESSOR_DEFINITIONS = (
					"DEBUG=1",
					"$(inherited)",
				);
				GCC_SYMBOLS_PRIVATE_EXTERN = NO;
				GCC_WARN_64_TO_32_BIT_CONVERSION = YES;
				GCC_WARN_ABOUT_RETURN_TYPE = YES_ERROR;
				GCC_WARN_UNDECLARED_SELECTOR = YES;
				GCC_WARN_UNINITIALIZED_AUTOS = YES_AGGRESSIVE;
				GCC_WARN_UNUSED_FUNCTION = YES;
				GCC_WARN_UNUSED_VARIABLE = YES;
				IPHONEOS_DEPLOYMENT_TARGET = 8.1;
				MTL_ENABLE_DEBUG_INFO = YES;
				ONLY_ACTIVE_ARCH = NO;
				SDKROOT = iphoneos;
				VALID_ARCHS = "armv7 armv7s";
			};
			name = Debug;
		};
		4BCF0CCA1A50F95A00A2FF5D /* Release */ = {
			isa = XCBuildConfiguration;
			buildSettings = {
				ALWAYS_SEARCH_USER_PATHS = NO;
				CLANG_CXX_LANGUAGE_STANDARD = "gnu++0x";
				CLANG_CXX_LIBRARY = "libc++";
				CLANG_ENABLE_MODULES = YES;
				CLANG_ENABLE_OBJC_ARC = YES;
				CLANG_WARN_BOOL_CONVERSION = YES;
				CLANG_WARN_CONSTANT_CONVERSION = YES;
				CLANG_WARN_DIRECT_OBJC_ISA_USAGE = YES_ERROR;
				CLANG_WARN_EMPTY_BODY = YES;
				CLANG_WARN_ENUM_CONVERSION = YES;
				CLANG_WARN_INT_CONVERSION = YES;
				CLANG_WARN_OBJC_ROOT_CLASS = YES_ERROR;
				CLANG_WARN_UNREACHABLE_CODE = YES;
				CLANG_WARN__DUPLICATE_METHOD_MATCH = YES;
				"CODE_SIGN_IDENTITY[sdk=iphoneos*]" = "iPhone Developer";
				COPY_PHASE_STRIP = YES;
				ENABLE_NS_ASSERTIONS = NO;
				ENABLE_STRICT_OBJC_MSGSEND = YES;
				GCC_C_LANGUAGE_STANDARD = gnu99;
				GCC_WARN_64_TO_32_BIT_CONVERSION = YES;
				GCC_WARN_ABOUT_RETURN_TYPE = YES_ERROR;
				GCC_WARN_UNDECLARED_SELECTOR = YES;
				GCC_WARN_UNINITIALIZED_AUTOS = YES_AGGRESSIVE;
				GCC_WARN_UNUSED_FUNCTION = YES;
				GCC_WARN_UNUSED_VARIABLE = YES;
				IPHONEOS_DEPLOYMENT_TARGET = 8.1;
				MTL_ENABLE_DEBUG_INFO = NO;
				SDKROOT = iphoneos;
				VALIDATE_PRODUCT = YES;
				VALID_ARCHS = "armv7 armv7s";
			};
			name = Release;
		};
		4BCF0CCC1A50F95A00A2FF5D /* Debug */ = {
			isa = XCBuildConfiguration;
			buildSettings = {
				ASSETCATALOG_COMPILER_APPICON_NAME = AppIcon;
				ASSETCATALOG_COMPILER_LAUNCHIMAGE_NAME = LaunchImage;
				INFOPLIST_FILE = Mike/Info.plist;
				IPHONEOS_DEPLOYMENT_TARGET = 6.0;
				LD_RUNPATH_SEARCH_PATHS = "$(inherited) @executable_path/Frameworks";
				LIBRARY_SEARCH_PATHS = (
					"$(inherited)",
					"$(PROJECT_DIR)/Mike/UMSocial_Sdk_4.2.1",
					"$(PROJECT_DIR)/Mike/UMSocial_Sdk_Extra_Frameworks/Sina",
					"$(PROJECT_DIR)/Mike/UMSocial_Sdk_Extra_Frameworks/Wechat",
					"$(PROJECT_DIR)/Mike/UMengFeedback_SDK_2.1",
					"$(PROJECT_DIR)/Mike/UMengFeedback_SDK_2.1/UMOpus",
					"$(PROJECT_DIR)/Mike/UMessage_Sdk_1.1.0",
				);
				PRODUCT_NAME = "$(TARGET_NAME)";
				VALID_ARCHS = "armv7 armv7s";
			};
			name = Debug;
		};
		4BCF0CCD1A50F95A00A2FF5D /* Release */ = {
			isa = XCBuildConfiguration;
			buildSettings = {
				ASSETCATALOG_COMPILER_APPICON_NAME = AppIcon;
				ASSETCATALOG_COMPILER_LAUNCHIMAGE_NAME = LaunchImage;
				INFOPLIST_FILE = Mike/Info.plist;
				IPHONEOS_DEPLOYMENT_TARGET = 6.0;
				LD_RUNPATH_SEARCH_PATHS = "$(inherited) @executable_path/Frameworks";
				LIBRARY_SEARCH_PATHS = (
					"$(inherited)",
					"$(PROJECT_DIR)/Mike/UMSocial_Sdk_4.2.1",
					"$(PROJECT_DIR)/Mike/UMSocial_Sdk_Extra_Frameworks/Sina",
					"$(PROJECT_DIR)/Mike/UMSocial_Sdk_Extra_Frameworks/Wechat",
					"$(PROJECT_DIR)/Mike/UMengFeedback_SDK_2.1",
					"$(PROJECT_DIR)/Mike/UMengFeedback_SDK_2.1/UMOpus",
					"$(PROJECT_DIR)/Mike/UMessage_Sdk_1.1.0",
				);
				PRODUCT_NAME = "$(TARGET_NAME)";
				VALID_ARCHS = "armv7 armv7s";
			};
			name = Release;
		};
		4BCF0CCF1A50F95A00A2FF5D /* Debug */ = {
			isa = XCBuildConfiguration;
			buildSettings = {
				BUNDLE_LOADER = "$(TEST_HOST)";
				FRAMEWORK_SEARCH_PATHS = (
					"$(SDKROOT)/Developer/Library/Frameworks",
					"$(inherited)",
				);
				GCC_PREPROCESSOR_DEFINITIONS = (
					"DEBUG=1",
					"$(inherited)",
				);
				INFOPLIST_FILE = MikeTests/Info.plist;
				LD_RUNPATH_SEARCH_PATHS = "$(inherited) @executable_path/Frameworks @loader_path/Frameworks";
				PRODUCT_NAME = "$(TARGET_NAME)";
				TEST_HOST = "$(BUILT_PRODUCTS_DIR)/Mike.app/Mike";
			};
			name = Debug;
		};
		4BCF0CD01A50F95A00A2FF5D /* Release */ = {
			isa = XCBuildConfiguration;
			buildSettings = {
				BUNDLE_LOADER = "$(TEST_HOST)";
				FRAMEWORK_SEARCH_PATHS = (
					"$(SDKROOT)/Developer/Library/Frameworks",
					"$(inherited)",
				);
				INFOPLIST_FILE = MikeTests/Info.plist;
				LD_RUNPATH_SEARCH_PATHS = "$(inherited) @executable_path/Frameworks @loader_path/Frameworks";
				PRODUCT_NAME = "$(TARGET_NAME)";
				TEST_HOST = "$(BUILT_PRODUCTS_DIR)/Mike.app/Mike";
			};
			name = Release;
		};
/* End XCBuildConfiguration section */

/* Begin XCConfigurationList section */
		4BCF0CA31A50F95900A2FF5D /* Build configuration list for PBXProject "Mike" */ = {
			isa = XCConfigurationList;
			buildConfigurations = (
				4BCF0CC91A50F95A00A2FF5D /* Debug */,
				4BCF0CCA1A50F95A00A2FF5D /* Release */,
			);
			defaultConfigurationIsVisible = 0;
			defaultConfigurationName = Release;
		};
		4BCF0CCB1A50F95A00A2FF5D /* Build configuration list for PBXNativeTarget "Mike" */ = {
			isa = XCConfigurationList;
			buildConfigurations = (
				4BCF0CCC1A50F95A00A2FF5D /* Debug */,
				4BCF0CCD1A50F95A00A2FF5D /* Release */,
			);
			defaultConfigurationIsVisible = 0;
			defaultConfigurationName = Release;
		};
		4BCF0CCE1A50F95A00A2FF5D /* Build configuration list for PBXNativeTarget "MikeTests" */ = {
			isa = XCConfigurationList;
			buildConfigurations = (
				4BCF0CCF1A50F95A00A2FF5D /* Debug */,
				4BCF0CD01A50F95A00A2FF5D /* Release */,
			);
			defaultConfigurationIsVisible = 0;
			defaultConfigurationName = Release;
		};
/* End XCConfigurationList section */
	};
	rootObject = 4BCF0CA01A50F95900A2FF5D /* Project object */;
}
